// !$*UTF8*$!
{
	archiveVersion = 1;
	classes = {
	};
	objectVersion = 46;
	objects = {

/* Begin PBXBuildFile section */
		C2CAF4A516F00CE200349999 /* fader-hd.tmx in Resources */ = {isa = PBXBuildFile; fileRef = C2CAF4A216F00CE200349999 /* fader-hd.tmx */; };
		C2CAF4A616F00CE200349999 /* fader.png in Resources */ = {isa = PBXBuildFile; fileRef = C2CAF4A316F00CE200349999 /* fader.png */; };
		C2CAF4A716F00CE200349999 /* fader.tmx in Resources */ = {isa = PBXBuildFile; fileRef = C2CAF4A416F00CE200349999 /* fader.tmx */; };
		C2CAF4AA16F00CEC00349999 /* hb_guy.png in Resources */ = {isa = PBXBuildFile; fileRef = C2CAF4A816F00CEC00349999 /* hb_guy.png */; };
		C2CAF4AB16F00CEC00349999 /* hoopy-ball-shapes.plist in Resources */ = {isa = PBXBuildFile; fileRef = C2CAF4A916F00CEC00349999 /* hoopy-ball-shapes.plist */; };
		DC193EB813B692D100500B56 /* GLES-Render.mm in Sources */ = {isa = PBXBuildFile; fileRef = DC193EB313B6872600500B56 /* GLES-Render.mm */; };
		DC193EBC13B6956F00500B56 /* ContactListener.mm in Sources */ = {isa = PBXBuildFile; fileRef = DC193EBB13B6956F00500B56 /* ContactListener.mm */; };
		DC193EC113B6969B00500B56 /* Author&License.txt in Resources */ = {isa = PBXBuildFile; fileRef = DC193EBF13B6969B00500B56 /* Author&License.txt */; };
		DC193EC313B6969B00500B56 /* dg_grounds32.png in Resources */ = {isa = PBXBuildFile; fileRef = DC193EC013B6969B00500B56 /* dg_grounds32.png */; };
		DC26D6BE14B9E4D500B6002E /* fps_images-hd.png in Resources */ = {isa = PBXBuildFile; fileRef = DC26D6BD14B9E4D500B6002E /* fps_images-hd.png */; };
		DC2721B1160CB01100D88944 /* Default-568h@2x.png in Resources */ = {isa = PBXBuildFile; fileRef = DC2721B0160CB01100D88944 /* Default-568h@2x.png */; };
		DC2A3EC4149A30B400EF78B0 /* Box2DDebugLayer.mm in Sources */ = {isa = PBXBuildFile; fileRef = DC2A3EC3149A30B400EF78B0 /* Box2DDebugLayer.mm */; };
		DC65615C13A969B600A7AC53 /* libbox2d-ios.a in Frameworks */ = {isa = PBXBuildFile; fileRef = DC65615013A969B600A7AC53 /* libbox2d-ios.a */; };
		DC65615D13A969B600A7AC53 /* libchipmunk-ios.a in Frameworks */ = {isa = PBXBuildFile; fileRef = DC65615113A969B600A7AC53 /* libchipmunk-ios.a */; };
		DC65615E13A969B600A7AC53 /* libchipmunk-spacemanager-ios.a in Frameworks */ = {isa = PBXBuildFile; fileRef = DC65615213A969B600A7AC53 /* libchipmunk-spacemanager-ios.a */; };
		DC65616013A969B600A7AC53 /* libcocos2d-extensions-ios.a in Frameworks */ = {isa = PBXBuildFile; fileRef = DC65615413A969B600A7AC53 /* libcocos2d-extensions-ios.a */; };
		DC65616113A969B600A7AC53 /* libcocos2d-ios.a in Frameworks */ = {isa = PBXBuildFile; fileRef = DC65615513A969B600A7AC53 /* libcocos2d-ios.a */; };
		DC65616213A969B600A7AC53 /* libcocos3d-ios.a in Frameworks */ = {isa = PBXBuildFile; fileRef = DC65615613A969B600A7AC53 /* libcocos3d-ios.a */; };
		DC65616313A969B600A7AC53 /* libcocosdenshion-ios.a in Frameworks */ = {isa = PBXBuildFile; fileRef = DC65615713A969B600A7AC53 /* libcocosdenshion-ios.a */; };
		DC65616413A969B600A7AC53 /* libkobold2d-ios.a in Frameworks */ = {isa = PBXBuildFile; fileRef = DC65615813A969B600A7AC53 /* libkobold2d-ios.a */; };
		DC65616513A969B600A7AC53 /* libobjectal-ios.a in Frameworks */ = {isa = PBXBuildFile; fileRef = DC65615913A969B600A7AC53 /* libobjectal-ios.a */; };
		DC65616613A969B600A7AC53 /* libsneakyinput-ios.a in Frameworks */ = {isa = PBXBuildFile; fileRef = DC65615A13A969B600A7AC53 /* libsneakyinput-ios.a */; };
		DC65617D15114BC500E59F8A /* fps_images-ipadhd.png in Resources */ = {isa = PBXBuildFile; fileRef = DC65617C15114BC500E59F8A /* fps_images-ipadhd.png */; };
		DCC1A0FA13A94ED5005BD75D /* Default.png in Resources */ = {isa = PBXBuildFile; fileRef = DCC1A0F913A94ED5005BD75D /* Default.png */; };
		DCC1A0FC13A94ED5005BD75D /* fps_images.png in Resources */ = {isa = PBXBuildFile; fileRef = DCC1A0FB13A94ED5005BD75D /* fps_images.png */; };
		DCC1A0FE13A94ED5005BD75D /* Icon-72.png in Resources */ = {isa = PBXBuildFile; fileRef = DCC1A0FD13A94ED5005BD75D /* Icon-72.png */; };
		DCC1A10013A94ED5005BD75D /* Icon-Small-50.png in Resources */ = {isa = PBXBuildFile; fileRef = DCC1A0FF13A94ED5005BD75D /* Icon-Small-50.png */; };
		DCC1A10213A94ED5005BD75D /* Icon-Small.png in Resources */ = {isa = PBXBuildFile; fileRef = DCC1A10113A94ED5005BD75D /* Icon-Small.png */; };
		DCC1A10413A94ED5005BD75D /* Icon-Small@2x.png in Resources */ = {isa = PBXBuildFile; fileRef = DCC1A10313A94ED5005BD75D /* Icon-Small@2x.png */; };
		DCC1A10613A94ED5005BD75D /* Icon.png in Resources */ = {isa = PBXBuildFile; fileRef = DCC1A10513A94ED5005BD75D /* Icon.png */; };
		DCC1A10813A94ED5005BD75D /* Icon@2x.png in Resources */ = {isa = PBXBuildFile; fileRef = DCC1A10713A94ED5005BD75D /* Icon@2x.png */; };
		DCC1A10B13A94ED5005BD75D /* iTunesArtwork in Resources */ = {isa = PBXBuildFile; fileRef = DCC1A10A13A94ED5005BD75D /* iTunesArtwork */; };
		DCC1A3A913A94F1A005BD75D /* AppDelegate.m in Sources */ = {isa = PBXBuildFile; fileRef = DCC1A38E13A94F1A005BD75D /* AppDelegate.m */; };
		DCC1A3AB13A94F1A005BD75D /* PhysicsLayer.mm in Sources */ = {isa = PBXBuildFile; fileRef = DCC1A39013A94F1A005BD75D /* PhysicsLayer.mm */; };
		DCC1A3AD13A94F1A005BD75D /* main.m in Sources */ = {isa = PBXBuildFile; fileRef = DCC1A39113A94F1A005BD75D /* main.m */; };
		DCC1A3AF13A94F1A005BD75D /* config.lua in Resources */ = {isa = PBXBuildFile; fileRef = DCC1A39513A94F1A005BD75D /* config.lua */; };
/* End PBXBuildFile section */

/* Begin PBXFileReference section */
		C2CAF49D16F00CD200349999 /* black-ball-hd.png */ = {isa = PBXFileReference; lastKnownFileType = image.png; path = "black-ball-hd.png"; sourceTree = "<group>"; };
		C2CAF49E16F00CD200349999 /* black-ball.png */ = {isa = PBXFileReference; lastKnownFileType = image.png; path = "black-ball.png"; sourceTree = "<group>"; };
		C2CAF49F16F00CD200349999 /* block.png */ = {isa = PBXFileReference; lastKnownFileType = image.png; path = block.png; sourceTree = "<group>"; };
		C2CAF4A116F00CD200349999 /* border1_shapes.plist */ = {isa = PBXFileReference; lastKnownFileType = text.plist.xml; path = border1_shapes.plist; sourceTree = "<group>"; };
		C2CAF4A216F00CE200349999 /* fader-hd.tmx */ = {isa = PBXFileReference; fileEncoding = 4; lastKnownFileType = text.xml; path = "fader-hd.tmx"; sourceTree = "<group>"; };
		C2CAF4A316F00CE200349999 /* fader.png */ = {isa = PBXFileReference; lastKnownFileType = image.png; path = fader.png; sourceTree = "<group>"; };
		C2CAF4A416F00CE200349999 /* fader.tmx */ = {isa = PBXFileReference; fileEncoding = 4; lastKnownFileType = text.xml; path = fader.tmx; sourceTree = "<group>"; };
		C2CAF4A816F00CEC00349999 /* hb_guy.png */ = {isa = PBXFileReference; lastKnownFileType = image.png; path = hb_guy.png; sourceTree = "<group>"; };
		C2CAF4A916F00CEC00349999 /* hoopy-ball-shapes.plist */ = {isa = PBXFileReference; fileEncoding = 4; lastKnownFileType = text.plist.xml; path = "hoopy-ball-shapes.plist"; sourceTree = "<group>"; };
		C2CAF4AC16F00CFF00349999 /* l2_base_brick-hd.png */ = {isa = PBXFileReference; lastKnownFileType = image.png; path = "l2_base_brick-hd.png"; sourceTree = "<group>"; };
		C2CAF4AD16F00CFF00349999 /* l2_base_brick.png */ = {isa = PBXFileReference; lastKnownFileType = image.png; path = l2_base_brick.png; sourceTree = "<group>"; };
		C2CAF4AE16F00CFF00349999 /* l2_obs_1_base_small-hd.png */ = {isa = PBXFileReference; lastKnownFileType = image.png; path = "l2_obs_1_base_small-hd.png"; sourceTree = "<group>"; };
		C2CAF4AF16F00CFF00349999 /* l2_obs_1_base_small.png */ = {isa = PBXFileReference; lastKnownFileType = image.png; path = l2_obs_1_base_small.png; sourceTree = "<group>"; };
		C2CAF4B016F00CFF00349999 /* l2_obs_1_base-hd.png */ = {isa = PBXFileReference; lastKnownFileType = image.png; path = "l2_obs_1_base-hd.png"; sourceTree = "<group>"; };
		C2CAF4B116F00CFF00349999 /* l2_obs_1_base.png */ = {isa = PBXFileReference; lastKnownFileType = image.png; path = l2_obs_1_base.png; sourceTree = "<group>"; };
		C2CAF4B216F00CFF00349999 /* l2_obs_shapes.plist */ = {isa = PBXFileReference; lastKnownFileType = text.plist.xml; path = l2_obs_shapes.plist; sourceTree = "<group>"; };
		C2CAF4B316F00CFF00349999 /* l3_bg-hd.png */ = {isa = PBXFileReference; lastKnownFileType = image.png; path = "l3_bg-hd.png"; sourceTree = "<group>"; };
		C2CAF4B416F00CFF00349999 /* l3_bg-hd.tmx */ = {isa = PBXFileReference; lastKnownFileType = text.xml; path = "l3_bg-hd.tmx"; sourceTree = "<group>"; };
		C2CAF4B516F00CFF00349999 /* l3_bg.png */ = {isa = PBXFileReference; lastKnownFileType = image.png; path = l3_bg.png; sourceTree = "<group>"; };
		C2CAF4B616F00CFF00349999 /* l3_bg.tmx */ = {isa = PBXFileReference; lastKnownFileType = text.xml; path = l3_bg.tmx; sourceTree = "<group>"; };
		C2CAF4B716F00CFF00349999 /* l3_obs_shapes.plist */ = {isa = PBXFileReference; lastKnownFileType = text.plist.xml; path = l3_obs_shapes.plist; sourceTree = "<group>"; };
		C2CAF4B816F00CFF00349999 /* l3_obs1_sm-hd.png */ = {isa = PBXFileReference; lastKnownFileType = image.png; path = "l3_obs1_sm-hd.png"; sourceTree = "<group>"; };
		C2CAF4B916F00CFF00349999 /* l3_obs1_sm.png */ = {isa = PBXFileReference; lastKnownFileType = image.png; path = l3_obs1_sm.png; sourceTree = "<group>"; };
		C2CAF4BA16F00CFF00349999 /* l3_obs1-hd.png */ = {isa = PBXFileReference; lastKnownFileType = image.png; path = "l3_obs1-hd.png"; sourceTree = "<group>"; };
		C2CAF4BB16F00CFF00349999 /* l3_obs1.png */ = {isa = PBXFileReference; lastKnownFileType = image.png; path = l3_obs1.png; sourceTree = "<group>"; };
		C2CAF4BC16F00CFF00349999 /* l3_obs2_sm-hd.png */ = {isa = PBXFileReference; lastKnownFileType = image.png; path = "l3_obs2_sm-hd.png"; sourceTree = "<group>"; };
		C2CAF4BD16F00CFF00349999 /* l3_obs2_sm.png */ = {isa = PBXFileReference; lastKnownFileType = image.png; path = l3_obs2_sm.png; sourceTree = "<group>"; };
		C2CAF4BE16F00CFF00349999 /* l3_obs2-hd.png */ = {isa = PBXFileReference; lastKnownFileType = image.png; path = "l3_obs2-hd.png"; sourceTree = "<group>"; };
		C2CAF4BF16F00CFF00349999 /* l3_obs2.png */ = {isa = PBXFileReference; lastKnownFileType = image.png; path = l3_obs2.png; sourceTree = "<group>"; };
		C2CAF4C016F00CFF00349999 /* level1_bg-hd.tmx */ = {isa = PBXFileReference; lastKnownFileType = text.xml; path = "level1_bg-hd.tmx"; sourceTree = "<group>"; };
		C2CAF4C116F00CFF00349999 /* Level1_bg.png */ = {isa = PBXFileReference; lastKnownFileType = image.png; path = Level1_bg.png; sourceTree = "<group>"; };
		C2CAF4C216F00CFF00349999 /* level1_bg.tmx */ = {isa = PBXFileReference; lastKnownFileType = text.xml; path = level1_bg.tmx; sourceTree = "<group>"; };
		C2CAF4C316F00CFF00349999 /* level1_obs-hd.png */ = {isa = PBXFileReference; lastKnownFileType = image.png; path = "level1_obs-hd.png"; sourceTree = "<group>"; };
		C2CAF4C416F00CFF00349999 /* level1_obs-hd.tmx */ = {isa = PBXFileReference; lastKnownFileType = text.xml; path = "level1_obs-hd.tmx"; sourceTree = "<group>"; };
		C2CAF4C516F00CFF00349999 /* level1_obs.png */ = {isa = PBXFileReference; lastKnownFileType = image.png; path = level1_obs.png; sourceTree = "<group>"; };
		C2CAF4C616F00CFF00349999 /* level1_obs.tmx */ = {isa = PBXFileReference; lastKnownFileType = text.xml; path = level1_obs.tmx; sourceTree = "<group>"; };
		C2CAF4C716F00CFF00349999 /* level2_bg.png */ = {isa = PBXFileReference; lastKnownFileType = image.png; path = level2_bg.png; sourceTree = "<group>"; };
		C2CAF4C816F00CFF00349999 /* level2_bg.psd */ = {isa = PBXFileReference; lastKnownFileType = file; path = level2_bg.psd; sourceTree = "<group>"; };
		C2CAF4C916F00CFF00349999 /* level3_base_brick-hd.png */ = {isa = PBXFileReference; lastKnownFileType = image.png; path = "level3_base_brick-hd.png"; sourceTree = "<group>"; };
		C2CAF4CA16F00CFF00349999 /* level3_base_brick.png */ = {isa = PBXFileReference; lastKnownFileType = image.png; path = level3_base_brick.png; sourceTree = "<group>"; };
		C2CAF4CB16F00CFF00349999 /* level6_bg-hd.tmx */ = {isa = PBXFileReference; lastKnownFileType = text.xml; path = "level6_bg-hd.tmx"; sourceTree = "<group>"; };
		C2CAF4CC16F00CFF00349999 /* level6_bg.tmx */ = {isa = PBXFileReference; lastKnownFileType = text.xml; path = level6_bg.tmx; sourceTree = "<group>"; };
		C2CAF4CD16F00CFF00349999 /* level7_bg-hd.tmx */ = {isa = PBXFileReference; lastKnownFileType = text.xml; path = "level7_bg-hd.tmx"; sourceTree = "<group>"; };
		C2CAF4CE16F00CFF00349999 /* level7_bg.tmx */ = {isa = PBXFileReference; lastKnownFileType = text.xml; path = level7_bg.tmx; sourceTree = "<group>"; };
		C2CAF4CF16F00CFF00349999 /* level8_bg-hd.tmx */ = {isa = PBXFileReference; lastKnownFileType = text.xml; path = "level8_bg-hd.tmx"; sourceTree = "<group>"; };
		C2CAF4D016F00CFF00349999 /* level8_bg.tmx */ = {isa = PBXFileReference; lastKnownFileType = text.xml; path = level8_bg.tmx; sourceTree = "<group>"; };
		C2CAF4D116F00CFF00349999 /* level9_bg-hd.tmx */ = {isa = PBXFileReference; lastKnownFileType = text.xml; path = "level9_bg-hd.tmx"; sourceTree = "<group>"; };
		C2CAF4D216F00CFF00349999 /* level9_bg.tmx */ = {isa = PBXFileReference; lastKnownFileType = text.xml; path = level9_bg.tmx; sourceTree = "<group>"; };
		C2CAF4D316F00CFF00349999 /* level11_bg-hd.tmx */ = {isa = PBXFileReference; lastKnownFileType = text.xml; path = "level11_bg-hd.tmx"; sourceTree = "<group>"; };
		C2CAF4D416F00CFF00349999 /* level11_bg.tmx */ = {isa = PBXFileReference; lastKnownFileType = text.xml; path = level11_bg.tmx; sourceTree = "<group>"; };
		C2CAF4D516F00CFF00349999 /* level12_bg-hd.tmx */ = {isa = PBXFileReference; lastKnownFileType = text.xml; path = "level12_bg-hd.tmx"; sourceTree = "<group>"; };
		C2CAF4D616F00CFF00349999 /* level12_bg.tmx */ = {isa = PBXFileReference; lastKnownFileType = text.xml; path = level12_bg.tmx; sourceTree = "<group>"; };
		C2CAF4D716F00CFF00349999 /* level13_bg-hd.tmx */ = {isa = PBXFileReference; lastKnownFileType = text.xml; path = "level13_bg-hd.tmx"; sourceTree = "<group>"; };
		C2CAF4D816F00CFF00349999 /* level13_bg.tmx */ = {isa = PBXFileReference; lastKnownFileType = text.xml; path = level13_bg.tmx; sourceTree = "<group>"; };
		C2CAF4D916F00CFF00349999 /* pause-hd.png */ = {isa = PBXFileReference; lastKnownFileType = image.png; path = "pause-hd.png"; sourceTree = "<group>"; };
		C2CAF4DA16F00CFF00349999 /* pause.png */ = {isa = PBXFileReference; lastKnownFileType = image.png; path = pause.png; sourceTree = "<group>"; };
		C2CAF4DB16F00CFF00349999 /* red_ball-hd.png */ = {isa = PBXFileReference; lastKnownFileType = image.png; path = "red_ball-hd.png"; sourceTree = "<group>"; };
		C2CAF4DC16F00CFF00349999 /* red_ball.png */ = {isa = PBXFileReference; lastKnownFileType = image.png; path = red_ball.png; sourceTree = "<group>"; };
		C2CAF4DD16F00CFF00349999 /* score-hd.fnt */ = {isa = PBXFileReference; lastKnownFileType = text; path = "score-hd.fnt"; sourceTree = "<group>"; };
		C2CAF4DE16F00CFF00349999 /* score-hd.png */ = {isa = PBXFileReference; lastKnownFileType = image.png; path = "score-hd.png"; sourceTree = "<group>"; };
		C2CAF4DF16F00CFF00349999 /* score.fnt */ = {isa = PBXFileReference; lastKnownFileType = text; path = score.fnt; sourceTree = "<group>"; };
		C2CAF4E016F00CFF00349999 /* score.png */ = {isa = PBXFileReference; lastKnownFileType = image.png; path = score.png; sourceTree = "<group>"; };
		C2CAF4E116F00CFF00349999 /* smiley-hd.png */ = {isa = PBXFileReference; lastKnownFileType = image.png; path = "smiley-hd.png"; sourceTree = "<group>"; };
		C2CAF4E216F00CFF00349999 /* smiley.png */ = {isa = PBXFileReference; lastKnownFileType = image.png; path = smiley.png; sourceTree = "<group>"; };
		C2CAF4E316F00CFF00349999 /* star-hd.png */ = {isa = PBXFileReference; lastKnownFileType = image.png; path = "star-hd.png"; sourceTree = "<group>"; };
		C2CAF4E416F00CFF00349999 /* star.plist */ = {isa = PBXFileReference; lastKnownFileType = text.plist.xml; path = star.plist; sourceTree = "<group>"; };
		C2CAF4E516F00CFF00349999 /* star.png */ = {isa = PBXFileReference; lastKnownFileType = image.png; path = star.png; sourceTree = "<group>"; };
		C2CAF4E616F00CFF00349999 /* wall-hd.png */ = {isa = PBXFileReference; lastKnownFileType = image.png; path = "wall-hd.png"; sourceTree = "<group>"; };
		C2CAF4E716F00CFF00349999 /* wall.png */ = {isa = PBXFileReference; lastKnownFileType = image.png; path = wall.png; sourceTree = "<group>"; };
		C2CAF4E816F00EE600349999 /* HoopyBall.h */ = {isa = PBXFileReference; lastKnownFileType = sourcecode.c.h; path = HoopyBall.h; sourceTree = "<group>"; };
		C2CAF4E916F00EE600349999 /* Level01Scene.mm */ = {isa = PBXFileReference; lastKnownFileType = sourcecode.cpp.objcpp; path = Level01Scene.mm; sourceTree = "<group>"; };
		C2CAF4EA16F00EE600349999 /* Level02Scene.mm */ = {isa = PBXFileReference; lastKnownFileType = sourcecode.cpp.objcpp; path = Level02Scene.mm; sourceTree = "<group>"; };
		C2CAF4EB16F00EE600349999 /* Level03Scene.mm */ = {isa = PBXFileReference; lastKnownFileType = sourcecode.cpp.objcpp; path = Level03Scene.mm; sourceTree = "<group>"; };
		C2CAF4EC16F00EE600349999 /* Level04Scene.mm */ = {isa = PBXFileReference; lastKnownFileType = sourcecode.cpp.objcpp; path = Level04Scene.mm; sourceTree = "<group>"; };
		C2CAF4ED16F00EE600349999 /* Level05Scene.mm */ = {isa = PBXFileReference; lastKnownFileType = sourcecode.cpp.objcpp; path = Level05Scene.mm; sourceTree = "<group>"; };
		C2CAF4EE16F00EE600349999 /* Level06Scene.mm */ = {isa = PBXFileReference; lastKnownFileType = sourcecode.cpp.objcpp; path = Level06Scene.mm; sourceTree = "<group>"; };
		C2CAF4EF16F00EE600349999 /* Level07Scene.mm */ = {isa = PBXFileReference; lastKnownFileType = sourcecode.cpp.objcpp; path = Level07Scene.mm; sourceTree = "<group>"; };
		C2CAF4F016F00EE600349999 /* Level08Scene.mm */ = {isa = PBXFileReference; lastKnownFileType = sourcecode.cpp.objcpp; path = Level08Scene.mm; sourceTree = "<group>"; };
		C2CAF4F116F00EE600349999 /* Level09Scene.mm */ = {isa = PBXFileReference; lastKnownFileType = sourcecode.cpp.objcpp; path = Level09Scene.mm; sourceTree = "<group>"; };
		C2CAF4F216F00EE600349999 /* Level10Scene.mm */ = {isa = PBXFileReference; lastKnownFileType = sourcecode.cpp.objcpp; path = Level10Scene.mm; sourceTree = "<group>"; };
		C2CAF4F316F00EE600349999 /* Level11Scene.mm */ = {isa = PBXFileReference; lastKnownFileType = sourcecode.cpp.objcpp; path = Level11Scene.mm; sourceTree = "<group>"; };
		C2CAF4F416F00EE600349999 /* Level12Scene.mm */ = {isa = PBXFileReference; lastKnownFileType = sourcecode.cpp.objcpp; path = Level12Scene.mm; sourceTree = "<group>"; };
		C2CAF4F516F00EE600349999 /* Level13Scene.mm */ = {isa = PBXFileReference; lastKnownFileType = sourcecode.cpp.objcpp; path = Level13Scene.mm; sourceTree = "<group>"; };
		C2CAF4F616F00EE600349999 /* Level14Scene.mm */ = {isa = PBXFileReference; lastKnownFileType = sourcecode.cpp.objcpp; path = Level14Scene.mm; sourceTree = "<group>"; };
		C2CAF4F716F00EE600349999 /* Level15Scene.mm */ = {isa = PBXFileReference; lastKnownFileType = sourcecode.cpp.objcpp; path = Level15Scene.mm; sourceTree = "<group>"; };
		C2CAF4F816F00EE600349999 /* LevelSet1.mm */ = {isa = PBXFileReference; lastKnownFileType = sourcecode.cpp.objcpp; path = LevelSet1.mm; sourceTree = "<group>"; };
		C2CAF4F916F00EE600349999 /* LevelSet2.mm */ = {isa = PBXFileReference; lastKnownFileType = sourcecode.cpp.objcpp; path = LevelSet2.mm; sourceTree = "<group>"; };
		C2CAF4FA16F00EE600349999 /* LevelSet3.mm */ = {isa = PBXFileReference; lastKnownFileType = sourcecode.cpp.objcpp; path = LevelSet3.mm; sourceTree = "<group>"; };
		DC193EB213B6872600500B56 /* GLES-Render.h */ = {isa = PBXFileReference; fileEncoding = 4; lastKnownFileType = sourcecode.c.h; path = "GLES-Render.h"; sourceTree = "<group>"; };
		DC193EB313B6872600500B56 /* GLES-Render.mm */ = {isa = PBXFileReference; fileEncoding = 4; lastKnownFileType = sourcecode.cpp.objcpp; path = "GLES-Render.mm"; sourceTree = "<group>"; };
		DC193EBA13B6956F00500B56 /* ContactListener.h */ = {isa = PBXFileReference; fileEncoding = 4; lastKnownFileType = sourcecode.c.h; path = ContactListener.h; sourceTree = "<group>"; };
		DC193EBB13B6956F00500B56 /* ContactListener.mm */ = {isa = PBXFileReference; fileEncoding = 4; lastKnownFileType = sourcecode.cpp.objcpp; path = ContactListener.mm; sourceTree = "<group>"; };
		DC193EBF13B6969B00500B56 /* Author&License.txt */ = {isa = PBXFileReference; fileEncoding = 4; lastKnownFileType = text; path = "Author&License.txt"; sourceTree = "<group>"; };
		DC193EC013B6969B00500B56 /* dg_grounds32.png */ = {isa = PBXFileReference; lastKnownFileType = image.png; path = dg_grounds32.png; sourceTree = "<group>"; };
		DC26D6BD14B9E4D500B6002E /* fps_images-hd.png */ = {isa = PBXFileReference; lastKnownFileType = image.png; path = "fps_images-hd.png"; sourceTree = "<group>"; };
		DC2721B0160CB01100D88944 /* Default-568h@2x.png */ = {isa = PBXFileReference; lastKnownFileType = image.png; path = "Default-568h@2x.png"; sourceTree = "<group>"; };
		DC2A3EC2149A30B400EF78B0 /* Box2DDebugLayer.h */ = {isa = PBXFileReference; fileEncoding = 4; lastKnownFileType = sourcecode.c.h; path = Box2DDebugLayer.h; sourceTree = "<group>"; };
		DC2A3EC3149A30B400EF78B0 /* Box2DDebugLayer.mm */ = {isa = PBXFileReference; fileEncoding = 4; lastKnownFileType = sourcecode.cpp.objcpp; path = Box2DDebugLayer.mm; sourceTree = "<group>"; };
		DC3BE97813B4FB71003739CC /* BuildSettings-iOS.xcconfig */ = {isa = PBXFileReference; lastKnownFileType = text.xcconfig; path = "BuildSettings-iOS.xcconfig"; sourceTree = "<group>"; };
		DC65615013A969B600A7AC53 /* libbox2d-ios.a */ = {isa = PBXFileReference; explicitFileType = archive.ar; path = "libbox2d-ios.a"; sourceTree = BUILT_PRODUCTS_DIR; };
		DC65615113A969B600A7AC53 /* libchipmunk-ios.a */ = {isa = PBXFileReference; explicitFileType = archive.ar; path = "libchipmunk-ios.a"; sourceTree = BUILT_PRODUCTS_DIR; };
		DC65615213A969B600A7AC53 /* libchipmunk-spacemanager-ios.a */ = {isa = PBXFileReference; explicitFileType = archive.ar; path = "libchipmunk-spacemanager-ios.a"; sourceTree = BUILT_PRODUCTS_DIR; };
		DC65615413A969B600A7AC53 /* libcocos2d-extensions-ios.a */ = {isa = PBXFileReference; explicitFileType = archive.ar; path = "libcocos2d-extensions-ios.a"; sourceTree = BUILT_PRODUCTS_DIR; };
		DC65615513A969B600A7AC53 /* libcocos2d-ios.a */ = {isa = PBXFileReference; explicitFileType = archive.ar; path = "libcocos2d-ios.a"; sourceTree = BUILT_PRODUCTS_DIR; };
		DC65615613A969B600A7AC53 /* libcocos3d-ios.a */ = {isa = PBXFileReference; explicitFileType = archive.ar; path = "libcocos3d-ios.a"; sourceTree = BUILT_PRODUCTS_DIR; };
		DC65615713A969B600A7AC53 /* libcocosdenshion-ios.a */ = {isa = PBXFileReference; explicitFileType = archive.ar; path = "libcocosdenshion-ios.a"; sourceTree = BUILT_PRODUCTS_DIR; };
		DC65615813A969B600A7AC53 /* libkobold2d-ios.a */ = {isa = PBXFileReference; explicitFileType = archive.ar; path = "libkobold2d-ios.a"; sourceTree = BUILT_PRODUCTS_DIR; };
		DC65615913A969B600A7AC53 /* libobjectal-ios.a */ = {isa = PBXFileReference; explicitFileType = archive.ar; path = "libobjectal-ios.a"; sourceTree = BUILT_PRODUCTS_DIR; };
		DC65615A13A969B600A7AC53 /* libsneakyinput-ios.a */ = {isa = PBXFileReference; explicitFileType = archive.ar; path = "libsneakyinput-ios.a"; sourceTree = BUILT_PRODUCTS_DIR; };
		DC65617C15114BC500E59F8A /* fps_images-ipadhd.png */ = {isa = PBXFileReference; lastKnownFileType = image.png; path = "fps_images-ipadhd.png"; sourceTree = "<group>"; };
		DC9C33E713B5024400931BF2 /* BuildSettings-Debug-Mac.xcconfig */ = {isa = PBXFileReference; lastKnownFileType = text.xcconfig; path = "BuildSettings-Debug-Mac.xcconfig"; sourceTree = "<group>"; };
		DC9C33E813B5024400931BF2 /* BuildSettings-Mac.xcconfig */ = {isa = PBXFileReference; lastKnownFileType = text.xcconfig; path = "BuildSettings-Mac.xcconfig"; sourceTree = "<group>"; };
		DC9C33E913B5024400931BF2 /* BuildSettings-Release-Mac.xcconfig */ = {isa = PBXFileReference; lastKnownFileType = text.xcconfig; path = "BuildSettings-Release-Mac.xcconfig"; sourceTree = "<group>"; };
		DCC1A0E313A94ED5005BD75D /* HoopyBall-iOS.app */ = {isa = PBXFileReference; explicitFileType = wrapper.application; includeInIndex = 0; path = "HoopyBall-iOS.app"; sourceTree = BUILT_PRODUCTS_DIR; };
		DCC1A0F913A94ED5005BD75D /* Default.png */ = {isa = PBXFileReference; lastKnownFileType = image.png; path = Default.png; sourceTree = "<group>"; };
		DCC1A0FB13A94ED5005BD75D /* fps_images.png */ = {isa = PBXFileReference; lastKnownFileType = image.png; path = fps_images.png; sourceTree = "<group>"; };
		DCC1A0FD13A94ED5005BD75D /* Icon-72.png */ = {isa = PBXFileReference; lastKnownFileType = image.png; path = "Icon-72.png"; sourceTree = "<group>"; };
		DCC1A0FF13A94ED5005BD75D /* Icon-Small-50.png */ = {isa = PBXFileReference; lastKnownFileType = image.png; path = "Icon-Small-50.png"; sourceTree = "<group>"; };
		DCC1A10113A94ED5005BD75D /* Icon-Small.png */ = {isa = PBXFileReference; lastKnownFileType = image.png; path = "Icon-Small.png"; sourceTree = "<group>"; };
		DCC1A10313A94ED5005BD75D /* Icon-Small@2x.png */ = {isa = PBXFileReference; lastKnownFileType = image.png; path = "Icon-Small@2x.png"; sourceTree = "<group>"; };
		DCC1A10513A94ED5005BD75D /* Icon.png */ = {isa = PBXFileReference; lastKnownFileType = image.png; path = Icon.png; sourceTree = "<group>"; };
		DCC1A10713A94ED5005BD75D /* Icon@2x.png */ = {isa = PBXFileReference; lastKnownFileType = image.png; path = "Icon@2x.png"; sourceTree = "<group>"; };
		DCC1A10913A94ED5005BD75D /* Info.plist */ = {isa = PBXFileReference; lastKnownFileType = text.plist.xml; path = Info.plist; sourceTree = "<group>"; };
		DCC1A10A13A94ED5005BD75D /* iTunesArtwork */ = {isa = PBXFileReference; lastKnownFileType = file; path = iTunesArtwork; sourceTree = "<group>"; };
		DCC1A38D13A94F1A005BD75D /* AppDelegate.h */ = {isa = PBXFileReference; fileEncoding = 4; lastKnownFileType = sourcecode.c.h; path = AppDelegate.h; sourceTree = "<group>"; };
		DCC1A38E13A94F1A005BD75D /* AppDelegate.m */ = {isa = PBXFileReference; fileEncoding = 4; lastKnownFileType = sourcecode.c.objc; path = AppDelegate.m; sourceTree = "<group>"; };
		DCC1A38F13A94F1A005BD75D /* PhysicsLayer.h */ = {isa = PBXFileReference; fileEncoding = 4; lastKnownFileType = sourcecode.c.h; path = PhysicsLayer.h; sourceTree = "<group>"; };
		DCC1A39013A94F1A005BD75D /* PhysicsLayer.mm */ = {isa = PBXFileReference; fileEncoding = 4; lastKnownFileType = sourcecode.cpp.objcpp; path = PhysicsLayer.mm; sourceTree = "<group>"; };
		DCC1A39113A94F1A005BD75D /* main.m */ = {isa = PBXFileReference; fileEncoding = 4; lastKnownFileType = sourcecode.c.objc; path = main.m; sourceTree = "<group>"; };
		DCC1A39213A94F1A005BD75D /* Prefix-iOS.pch */ = {isa = PBXFileReference; fileEncoding = 4; lastKnownFileType = sourcecode.c.h; path = "Prefix-iOS.pch"; sourceTree = "<group>"; };
		DCC1A39313A94F1A005BD75D /* Prefix-Mac.pch */ = {isa = PBXFileReference; fileEncoding = 4; lastKnownFileType = sourcecode.c.h; path = "Prefix-Mac.pch"; sourceTree = "<group>"; };
		DCC1A39513A94F1A005BD75D /* config.lua */ = {isa = PBXFileReference; explicitFileType = sourcecode.applescript; fileEncoding = 4; path = config.lua; sourceTree = "<group>"; };
		DCFA90EF13B4F6F7009DD35A /* BuildSettings-Debug-iOS.xcconfig */ = {isa = PBXFileReference; lastKnownFileType = text.xcconfig; path = "BuildSettings-Debug-iOS.xcconfig"; sourceTree = "<group>"; };
		DCFA90F013B4F811009DD35A /* BuildSettings-Release-iOS.xcconfig */ = {isa = PBXFileReference; lastKnownFileType = text.xcconfig; path = "BuildSettings-Release-iOS.xcconfig"; sourceTree = "<group>"; };
/* End PBXFileReference section */

/* Begin PBXFrameworksBuildPhase section */
		DCC1A0E013A94ED5005BD75D /* Frameworks */ = {
			isa = PBXFrameworksBuildPhase;
			buildActionMask = 2147483647;
			files = (
				DC65615C13A969B600A7AC53 /* libbox2d-ios.a in Frameworks */,
				DC65615D13A969B600A7AC53 /* libchipmunk-ios.a in Frameworks */,
				DC65615E13A969B600A7AC53 /* libchipmunk-spacemanager-ios.a in Frameworks */,
				DC65616013A969B600A7AC53 /* libcocos2d-extensions-ios.a in Frameworks */,
				DC65616113A969B600A7AC53 /* libcocos2d-ios.a in Frameworks */,
				DC65616213A969B600A7AC53 /* libcocos3d-ios.a in Frameworks */,
				DC65616313A969B600A7AC53 /* libcocosdenshion-ios.a in Frameworks */,
				DC65616413A969B600A7AC53 /* libkobold2d-ios.a in Frameworks */,
				DC65616513A969B600A7AC53 /* libobjectal-ios.a in Frameworks */,
				DC65616613A969B600A7AC53 /* libsneakyinput-ios.a in Frameworks */,
			);
			runOnlyForDeploymentPostprocessing = 0;
		};
/* End PBXFrameworksBuildPhase section */

/* Begin PBXGroup section */
		C2CAF4FB16F00F0900349999 /* LevelSet1 */ = {
			isa = PBXGroup;
			children = (
				C2CAF4F816F00EE600349999 /* LevelSet1.mm */,
				C2CAF4E916F00EE600349999 /* Level01Scene.mm */,
				C2CAF4EA16F00EE600349999 /* Level02Scene.mm */,
				C2CAF4EB16F00EE600349999 /* Level03Scene.mm */,
				C2CAF4EC16F00EE600349999 /* Level04Scene.mm */,
				C2CAF4ED16F00EE600349999 /* Level05Scene.mm */,
			);
			name = LevelSet1;
			sourceTree = "<group>";
		};
		C2CAF4FC16F00F2800349999 /* LevelSet2 */ = {
			isa = PBXGroup;
			children = (
				C2CAF4F916F00EE600349999 /* LevelSet2.mm */,
				C2CAF4EE16F00EE600349999 /* Level06Scene.mm */,
				C2CAF4EF16F00EE600349999 /* Level07Scene.mm */,
				C2CAF4F016F00EE600349999 /* Level08Scene.mm */,
				C2CAF4F116F00EE600349999 /* Level09Scene.mm */,
				C2CAF4F216F00EE600349999 /* Level10Scene.mm */,
			);
			name = LevelSet2;
			sourceTree = "<group>";
		};
		C2CAF4FD16F00F4400349999 /* LevelSet3 */ = {
			isa = PBXGroup;
			children = (
				C2CAF4F316F00EE600349999 /* Level11Scene.mm */,
				C2CAF4F416F00EE600349999 /* Level12Scene.mm */,
				C2CAF4F516F00EE600349999 /* Level13Scene.mm */,
				C2CAF4F616F00EE600349999 /* Level14Scene.mm */,
				C2CAF4F716F00EE600349999 /* Level15Scene.mm */,
				C2CAF4FA16F00EE600349999 /* LevelSet3.mm */,
			);
			name = LevelSet3;
			sourceTree = "<group>";
		};
		DC193EBE13B6969B00500B56 /* David Gervais Tilesets */ = {
			isa = PBXGroup;
			children = (
				DC193EBF13B6969B00500B56 /* Author&License.txt */,
				DC193EC013B6969B00500B56 /* dg_grounds32.png */,
			);
			path = "David Gervais Tilesets";
			sourceTree = "<group>";
		};
		DCC1A0D613A94EC0005BD75D = {
			isa = PBXGroup;
			children = (
				DCC1A38C13A94F1A005BD75D /* Projectfiles */,
				DCC1A0F713A94ED5005BD75D /* Projectfiles-iOS */,
				DCFA90ED13B4F6A0009DD35A /* BuildSettings */,
				DCC1A0E613A94ED5005BD75D /* Frameworks */,
				DCC1A0E413A94ED5005BD75D /* Products */,
			);
			sourceTree = "<group>";
		};
		DCC1A0E413A94ED5005BD75D /* Products */ = {
			isa = PBXGroup;
			children = (
				DCC1A0E313A94ED5005BD75D /* HoopyBall-iOS.app */,
			);
			name = Products;
			sourceTree = "<group>";
		};
		DCC1A0E613A94ED5005BD75D /* Frameworks */ = {
			isa = PBXGroup;
			children = (
			);
			name = Frameworks;
			sourceTree = "<group>";
		};
		DCC1A0F713A94ED5005BD75D /* Projectfiles-iOS */ = {
			isa = PBXGroup;
			children = (
				DCC1A0F813A94ED5005BD75D /* Resources */,
			);
			path = "Projectfiles-iOS";
			sourceTree = "<group>";
		};
		DCC1A0F813A94ED5005BD75D /* Resources */ = {
			isa = PBXGroup;
			children = (
				C2CAF49D16F00CD200349999 /* black-ball-hd.png */,
				C2CAF49E16F00CD200349999 /* black-ball.png */,
				C2CAF49F16F00CD200349999 /* block.png */,
				C2CAF4A116F00CD200349999 /* border1_shapes.plist */,
				DC2721B0160CB01100D88944 /* Default-568h@2x.png */,
				DCC1A0F913A94ED5005BD75D /* Default.png */,
				C2CAF4A216F00CE200349999 /* fader-hd.tmx */,
				C2CAF4A316F00CE200349999 /* fader.png */,
				C2CAF4A416F00CE200349999 /* fader.tmx */,
				DCC1A0FB13A94ED5005BD75D /* fps_images.png */,
				DC26D6BD14B9E4D500B6002E /* fps_images-hd.png */,
				DC65617C15114BC500E59F8A /* fps_images-ipadhd.png */,
				C2CAF4A816F00CEC00349999 /* hb_guy.png */,
				C2CAF4A916F00CEC00349999 /* hoopy-ball-shapes.plist */,
				DCC1A0FD13A94ED5005BD75D /* Icon-72.png */,
				DCC1A0FF13A94ED5005BD75D /* Icon-Small-50.png */,
				DCC1A10113A94ED5005BD75D /* Icon-Small.png */,
				DCC1A10313A94ED5005BD75D /* Icon-Small@2x.png */,
				DCC1A10513A94ED5005BD75D /* Icon.png */,
				DCC1A10713A94ED5005BD75D /* Icon@2x.png */,
				DCC1A10913A94ED5005BD75D /* Info.plist */,
				DCC1A10A13A94ED5005BD75D /* iTunesArtwork */,
				C2CAF4AC16F00CFF00349999 /* l2_base_brick-hd.png */,
				C2CAF4AD16F00CFF00349999 /* l2_base_brick.png */,
				C2CAF4AE16F00CFF00349999 /* l2_obs_1_base_small-hd.png */,
				C2CAF4AF16F00CFF00349999 /* l2_obs_1_base_small.png */,
				C2CAF4B016F00CFF00349999 /* l2_obs_1_base-hd.png */,
				C2CAF4B116F00CFF00349999 /* l2_obs_1_base.png */,
				C2CAF4B216F00CFF00349999 /* l2_obs_shapes.plist */,
				C2CAF4B316F00CFF00349999 /* l3_bg-hd.png */,
				C2CAF4B416F00CFF00349999 /* l3_bg-hd.tmx */,
				C2CAF4B516F00CFF00349999 /* l3_bg.png */,
				C2CAF4B616F00CFF00349999 /* l3_bg.tmx */,
				C2CAF4B716F00CFF00349999 /* l3_obs_shapes.plist */,
				C2CAF4B816F00CFF00349999 /* l3_obs1_sm-hd.png */,
				C2CAF4B916F00CFF00349999 /* l3_obs1_sm.png */,
				C2CAF4BA16F00CFF00349999 /* l3_obs1-hd.png */,
				C2CAF4BB16F00CFF00349999 /* l3_obs1.png */,
				C2CAF4BC16F00CFF00349999 /* l3_obs2_sm-hd.png */,
				C2CAF4BD16F00CFF00349999 /* l3_obs2_sm.png */,
				C2CAF4BE16F00CFF00349999 /* l3_obs2-hd.png */,
				C2CAF4BF16F00CFF00349999 /* l3_obs2.png */,
				C2CAF4C016F00CFF00349999 /* level1_bg-hd.tmx */,
				C2CAF4C116F00CFF00349999 /* Level1_bg.png */,
				C2CAF4C216F00CFF00349999 /* level1_bg.tmx */,
				C2CAF4C316F00CFF00349999 /* level1_obs-hd.png */,
				C2CAF4C416F00CFF00349999 /* level1_obs-hd.tmx */,
				C2CAF4C516F00CFF00349999 /* level1_obs.png */,
				C2CAF4C616F00CFF00349999 /* level1_obs.tmx */,
				C2CAF4C716F00CFF00349999 /* level2_bg.png */,
				C2CAF4C816F00CFF00349999 /* level2_bg.psd */,
				C2CAF4C916F00CFF00349999 /* level3_base_brick-hd.png */,
				C2CAF4CA16F00CFF00349999 /* level3_base_brick.png */,
				C2CAF4CB16F00CFF00349999 /* level6_bg-hd.tmx */,
				C2CAF4CC16F00CFF00349999 /* level6_bg.tmx */,
				C2CAF4CD16F00CFF00349999 /* level7_bg-hd.tmx */,
				C2CAF4CE16F00CFF00349999 /* level7_bg.tmx */,
				C2CAF4CF16F00CFF00349999 /* level8_bg-hd.tmx */,
				C2CAF4D016F00CFF00349999 /* level8_bg.tmx */,
				C2CAF4D116F00CFF00349999 /* level9_bg-hd.tmx */,
				C2CAF4D216F00CFF00349999 /* level9_bg.tmx */,
				C2CAF4D316F00CFF00349999 /* level11_bg-hd.tmx */,
				C2CAF4D416F00CFF00349999 /* level11_bg.tmx */,
				C2CAF4D516F00CFF00349999 /* level12_bg-hd.tmx */,
				C2CAF4D616F00CFF00349999 /* level12_bg.tmx */,
				C2CAF4D716F00CFF00349999 /* level13_bg-hd.tmx */,
				C2CAF4D816F00CFF00349999 /* level13_bg.tmx */,
				C2CAF4D916F00CFF00349999 /* pause-hd.png */,
				C2CAF4DA16F00CFF00349999 /* pause.png */,
				C2CAF4DB16F00CFF00349999 /* red_ball-hd.png */,
				C2CAF4DC16F00CFF00349999 /* red_ball.png */,
				C2CAF4DD16F00CFF00349999 /* score-hd.fnt */,
				C2CAF4DE16F00CFF00349999 /* score-hd.png */,
				C2CAF4DF16F00CFF00349999 /* score.fnt */,
				C2CAF4E016F00CFF00349999 /* score.png */,
				C2CAF4E116F00CFF00349999 /* smiley-hd.png */,
				C2CAF4E216F00CFF00349999 /* smiley.png */,
				C2CAF4E316F00CFF00349999 /* star-hd.png */,
				C2CAF4E416F00CFF00349999 /* star.plist */,
				C2CAF4E516F00CFF00349999 /* star.png */,
				C2CAF4E616F00CFF00349999 /* wall-hd.png */,
				C2CAF4E716F00CFF00349999 /* wall.png */,
			);
			path = Resources;
			sourceTree = "<group>";
		};
		DCC1A38C13A94F1A005BD75D /* Projectfiles */ = {
			isa = PBXGroup;
			children = (
				C2CAF4FD16F00F4400349999 /* LevelSet3 */,
				C2CAF4FC16F00F2800349999 /* LevelSet2 */,
				C2CAF4FB16F00F0900349999 /* LevelSet1 */,
				DC2A3EC2149A30B400EF78B0 /* Box2DDebugLayer.h */,
				DC2A3EC3149A30B400EF78B0 /* Box2DDebugLayer.mm */,
				DCC1A38F13A94F1A005BD75D /* PhysicsLayer.h */,
				DCC1A39013A94F1A005BD75D /* PhysicsLayer.mm */,
				DC193EBA13B6956F00500B56 /* ContactListener.h */,
				DC193EBB13B6956F00500B56 /* ContactListener.mm */,
				DC193EB213B6872600500B56 /* GLES-Render.h */,
				DC193EB313B6872600500B56 /* GLES-Render.mm */,
				DCC1A38D13A94F1A005BD75D /* AppDelegate.h */,
				DCC1A38E13A94F1A005BD75D /* AppDelegate.m */,
				C2CAF4E816F00EE600349999 /* HoopyBall.h */,
				DCC1A39413A94F1A005BD75D /* Resources */,
				DCC1A3CF13A94F2C005BD75D /* Supporting Files */,
			);
			path = Projectfiles;
			sourceTree = "<group>";
		};
		DCC1A39413A94F1A005BD75D /* Resources */ = {
			isa = PBXGroup;
			children = (
				DC193EBE13B6969B00500B56 /* David Gervais Tilesets */,
				DCC1A39513A94F1A005BD75D /* config.lua */,
			);
			path = Resources;
			sourceTree = "<group>";
		};
		DCC1A3CF13A94F2C005BD75D /* Supporting Files */ = {
			isa = PBXGroup;
			children = (
				DCC1A39113A94F1A005BD75D /* main.m */,
				DCC1A39213A94F1A005BD75D /* Prefix-iOS.pch */,
				DCC1A39313A94F1A005BD75D /* Prefix-Mac.pch */,
			);
			name = "Supporting Files";
			sourceTree = "<group>";
		};
		DCFA90ED13B4F6A0009DD35A /* BuildSettings */ = {
			isa = PBXGroup;
			children = (
				DCFA90EF13B4F6F7009DD35A /* BuildSettings-Debug-iOS.xcconfig */,
				DCFA90F013B4F811009DD35A /* BuildSettings-Release-iOS.xcconfig */,
				DC3BE97813B4FB71003739CC /* BuildSettings-iOS.xcconfig */,
				DC9C33E713B5024400931BF2 /* BuildSettings-Debug-Mac.xcconfig */,
				DC9C33E913B5024400931BF2 /* BuildSettings-Release-Mac.xcconfig */,
				DC9C33E813B5024400931BF2 /* BuildSettings-Mac.xcconfig */,
			);
			path = BuildSettings;
			sourceTree = "<group>";
		};
/* End PBXGroup section */

/* Begin PBXNativeTarget section */
		DCC1A0E213A94ED5005BD75D /* HoopyBall-iOS */ = {
			isa = PBXNativeTarget;
			buildConfigurationList = DCC1A25313A94ED7005BD75D /* Build configuration list for PBXNativeTarget "HoopyBall-iOS" */;
			buildPhases = (
				DCC1A0DF13A94ED5005BD75D /* Sources */,
				DCC1A0E013A94ED5005BD75D /* Frameworks */,
				DCC1A0E113A94ED5005BD75D /* Resources */,
			);
			buildRules = (
			);
			dependencies = (
			);
			name = "HoopyBall-iOS";
			productName = "Hello-World-iOS";
			productReference = DCC1A0E313A94ED5005BD75D /* HoopyBall-iOS.app */;
			productType = "com.apple.product-type.application";
		};
/* End PBXNativeTarget section */

/* Begin PBXProject section */
		DCC1A0D813A94EC0005BD75D /* Project object */ = {
			isa = PBXProject;
			attributes = {
				LastUpgradeCheck = 0460;
			};
			buildConfigurationList = DCC1A0DB13A94EC0005BD75D /* Build configuration list for PBXProject "HoopyBall" */;
			compatibilityVersion = "Xcode 3.2";
			developmentRegion = English;
			hasScannedForEncodings = 0;
			knownRegions = (
				en,
				English,
			);
			mainGroup = DCC1A0D613A94EC0005BD75D;
			productRefGroup = DCC1A0E413A94ED5005BD75D /* Products */;
			projectDirPath = "";
			projectRoot = "";
			targets = (
				DCC1A0E213A94ED5005BD75D /* HoopyBall-iOS */,
			);
		};
/* End PBXProject section */

/* Begin PBXResourcesBuildPhase section */
		DCC1A0E113A94ED5005BD75D /* Resources */ = {
			isa = PBXResourcesBuildPhase;
			buildActionMask = 2147483647;
			files = (
				DCC1A0FA13A94ED5005BD75D /* Default.png in Resources */,
				DCC1A0FC13A94ED5005BD75D /* fps_images.png in Resources */,
				DCC1A0FE13A94ED5005BD75D /* Icon-72.png in Resources */,
				DCC1A10013A94ED5005BD75D /* Icon-Small-50.png in Resources */,
				DCC1A10213A94ED5005BD75D /* Icon-Small.png in Resources */,
				DCC1A10413A94ED5005BD75D /* Icon-Small@2x.png in Resources */,
				DCC1A10613A94ED5005BD75D /* Icon.png in Resources */,
				DCC1A10813A94ED5005BD75D /* Icon@2x.png in Resources */,
				DCC1A10B13A94ED5005BD75D /* iTunesArtwork in Resources */,
				DCC1A3AF13A94F1A005BD75D /* config.lua in Resources */,
				DC193EC113B6969B00500B56 /* Author&License.txt in Resources */,
				DC193EC313B6969B00500B56 /* dg_grounds32.png in Resources */,
				DC26D6BE14B9E4D500B6002E /* fps_images-hd.png in Resources */,
				DC65617D15114BC500E59F8A /* fps_images-ipadhd.png in Resources */,
				DC2721B1160CB01100D88944 /* Default-568h@2x.png in Resources */,
				C2CAF4A516F00CE200349999 /* fader-hd.tmx in Resources */,
				C2CAF4A616F00CE200349999 /* fader.png in Resources */,
				C2CAF4A716F00CE200349999 /* fader.tmx in Resources */,
				C2CAF4AA16F00CEC00349999 /* hb_guy.png in Resources */,
				C2CAF4AB16F00CEC00349999 /* hoopy-ball-shapes.plist in Resources */,
			);
			runOnlyForDeploymentPostprocessing = 0;
		};
/* End PBXResourcesBuildPhase section */

/* Begin PBXSourcesBuildPhase section */
		DCC1A0DF13A94ED5005BD75D /* Sources */ = {
			isa = PBXSourcesBuildPhase;
			buildActionMask = 2147483647;
			files = (
				DCC1A3A913A94F1A005BD75D /* AppDelegate.m in Sources */,
				DCC1A3AB13A94F1A005BD75D /* PhysicsLayer.mm in Sources */,
				DCC1A3AD13A94F1A005BD75D /* main.m in Sources */,
				DC193EB813B692D100500B56 /* GLES-Render.mm in Sources */,
				DC193EBC13B6956F00500B56 /* ContactListener.mm in Sources */,
				DC2A3EC4149A30B400EF78B0 /* Box2DDebugLayer.mm in Sources */,
			);
			runOnlyForDeploymentPostprocessing = 0;
		};
/* End PBXSourcesBuildPhase section */

/* Begin XCBuildConfiguration section */
		DCC1A0DD13A94EC0005BD75D /* Debug */ = {
			isa = XCBuildConfiguration;
			buildSettings = {
			};
			name = Debug;
		};
		DCC1A0DE13A94EC0005BD75D /* Release */ = {
			isa = XCBuildConfiguration;
			buildSettings = {
			};
			name = Release;
		};
		DCC1A25413A94ED7005BD75D /* Debug */ = {
			isa = XCBuildConfiguration;
			baseConfigurationReference = DCFA90EF13B4F6F7009DD35A /* BuildSettings-Debug-iOS.xcconfig */;
			buildSettings = {
			};
			name = Debug;
		};
		DCC1A25513A94ED7005BD75D /* Release */ = {
			isa = XCBuildConfiguration;
			baseConfigurationReference = DCFA90F013B4F811009DD35A /* BuildSettings-Release-iOS.xcconfig */;
			buildSettings = {
			};
			name = Release;
		};
/* End XCBuildConfiguration section */

/* Begin XCConfigurationList section */
		DCC1A0DB13A94EC0005BD75D /* Build configuration list for PBXProject "HoopyBall" */ = {
			isa = XCConfigurationList;
			buildConfigurations = (
				DCC1A0DD13A94EC0005BD75D /* Debug */,
				DCC1A0DE13A94EC0005BD75D /* Release */,
			);
			defaultConfigurationIsVisible = 0;
			defaultConfigurationName = Release;
		};
		DCC1A25313A94ED7005BD75D /* Build configuration list for PBXNativeTarget "HoopyBall-iOS" */ = {
			isa = XCConfigurationList;
			buildConfigurations = (
				DCC1A25413A94ED7005BD75D /* Debug */,
				DCC1A25513A94ED7005BD75D /* Release */,
			);
			defaultConfigurationIsVisible = 0;
			defaultConfigurationName = Release;
		};
/* End XCConfigurationList section */
	};
	rootObject = DCC1A0D813A94EC0005BD75D /* Project object */;
}
