// !$*UTF8*$!
{
	archiveVersion = 1;
	classes = {
	};
	objectVersion = 46;
	objects = {

/* Begin PBXBuildFile section */
		C296046016F0D5F600F7D951 /* black-ball-hd.png in Resources */ = {isa = PBXBuildFile; fileRef = C296045C16F0D5F600F7D951 /* black-ball-hd.png */; };
		C296046116F0D5F600F7D951 /* black-ball.png in Resources */ = {isa = PBXBuildFile; fileRef = C296045D16F0D5F600F7D951 /* black-ball.png */; };
		C296046216F0D5F600F7D951 /* block.png in Resources */ = {isa = PBXBuildFile; fileRef = C296045E16F0D5F600F7D951 /* block.png */; };
		C296046316F0D5F600F7D951 /* border1_shapes.plist in Resources */ = {isa = PBXBuildFile; fileRef = C296045F16F0D5F600F7D951 /* border1_shapes.plist */; };
		C296046716F0D60300F7D951 /* fader-hd.tmx in Resources */ = {isa = PBXBuildFile; fileRef = C296046416F0D60300F7D951 /* fader-hd.tmx */; };
		C296046816F0D60300F7D951 /* fader.png in Resources */ = {isa = PBXBuildFile; fileRef = C296046516F0D60300F7D951 /* fader.png */; };
		C296046916F0D60300F7D951 /* fader.tmx in Resources */ = {isa = PBXBuildFile; fileRef = C296046616F0D60300F7D951 /* fader.tmx */; };
		C296046C16F0D61A00F7D951 /* hb_guy.png in Resources */ = {isa = PBXBuildFile; fileRef = C296046A16F0D61A00F7D951 /* hb_guy.png */; };
		C296046D16F0D61A00F7D951 /* hoopy-ball-shapes.plist in Resources */ = {isa = PBXBuildFile; fileRef = C296046B16F0D61A00F7D951 /* hoopy-ball-shapes.plist */; };
		C29604AA16F0D63D00F7D951 /* l2_base_brick-hd.png in Resources */ = {isa = PBXBuildFile; fileRef = C296046E16F0D63D00F7D951 /* l2_base_brick-hd.png */; };
		C29604AB16F0D63D00F7D951 /* l2_base_brick.png in Resources */ = {isa = PBXBuildFile; fileRef = C296046F16F0D63D00F7D951 /* l2_base_brick.png */; };
		C29604AC16F0D63D00F7D951 /* l2_obs_1_base_small-hd.png in Resources */ = {isa = PBXBuildFile; fileRef = C296047016F0D63D00F7D951 /* l2_obs_1_base_small-hd.png */; };
		C29604AD16F0D63D00F7D951 /* l2_obs_1_base_small.png in Resources */ = {isa = PBXBuildFile; fileRef = C296047116F0D63D00F7D951 /* l2_obs_1_base_small.png */; };
		C29604AE16F0D63D00F7D951 /* l2_obs_1_base-hd.png in Resources */ = {isa = PBXBuildFile; fileRef = C296047216F0D63D00F7D951 /* l2_obs_1_base-hd.png */; };
		C29604AF16F0D63D00F7D951 /* l2_obs_1_base.png in Resources */ = {isa = PBXBuildFile; fileRef = C296047316F0D63D00F7D951 /* l2_obs_1_base.png */; };
		C29604B016F0D63D00F7D951 /* l2_obs_shapes.plist in Resources */ = {isa = PBXBuildFile; fileRef = C296047416F0D63D00F7D951 /* l2_obs_shapes.plist */; };
		C29604B116F0D63D00F7D951 /* l3_bg-hd.png in Resources */ = {isa = PBXBuildFile; fileRef = C296047516F0D63D00F7D951 /* l3_bg-hd.png */; };
		C29604B216F0D63D00F7D951 /* l3_bg-hd.tmx in Resources */ = {isa = PBXBuildFile; fileRef = C296047616F0D63D00F7D951 /* l3_bg-hd.tmx */; };
		C29604B316F0D63D00F7D951 /* l3_bg.png in Resources */ = {isa = PBXBuildFile; fileRef = C296047716F0D63D00F7D951 /* l3_bg.png */; };
		C29604B416F0D63D00F7D951 /* l3_bg.tmx in Resources */ = {isa = PBXBuildFile; fileRef = C296047816F0D63D00F7D951 /* l3_bg.tmx */; };
		C29604B516F0D63D00F7D951 /* l3_obs_shapes.plist in Resources */ = {isa = PBXBuildFile; fileRef = C296047916F0D63D00F7D951 /* l3_obs_shapes.plist */; };
		C29604B616F0D63D00F7D951 /* l3_obs1_sm-hd.png in Resources */ = {isa = PBXBuildFile; fileRef = C296047A16F0D63D00F7D951 /* l3_obs1_sm-hd.png */; };
		C29604B716F0D63D00F7D951 /* l3_obs1_sm.png in Resources */ = {isa = PBXBuildFile; fileRef = C296047B16F0D63D00F7D951 /* l3_obs1_sm.png */; };
		C29604B816F0D63D00F7D951 /* l3_obs1-hd.png in Resources */ = {isa = PBXBuildFile; fileRef = C296047C16F0D63D00F7D951 /* l3_obs1-hd.png */; };
		C29604B916F0D63D00F7D951 /* l3_obs1.png in Resources */ = {isa = PBXBuildFile; fileRef = C296047D16F0D63D00F7D951 /* l3_obs1.png */; };
		C29604BA16F0D63D00F7D951 /* l3_obs2_sm-hd.png in Resources */ = {isa = PBXBuildFile; fileRef = C296047E16F0D63D00F7D951 /* l3_obs2_sm-hd.png */; };
		C29604BB16F0D63D00F7D951 /* l3_obs2_sm.png in Resources */ = {isa = PBXBuildFile; fileRef = C296047F16F0D63D00F7D951 /* l3_obs2_sm.png */; };
		C29604BC16F0D63D00F7D951 /* l3_obs2-hd.png in Resources */ = {isa = PBXBuildFile; fileRef = C296048016F0D63D00F7D951 /* l3_obs2-hd.png */; };
		C29604BD16F0D63D00F7D951 /* l3_obs2.png in Resources */ = {isa = PBXBuildFile; fileRef = C296048116F0D63D00F7D951 /* l3_obs2.png */; };
		C29604BE16F0D63D00F7D951 /* level1_bg-hd.tmx in Resources */ = {isa = PBXBuildFile; fileRef = C296048216F0D63D00F7D951 /* level1_bg-hd.tmx */; };
		C29604BF16F0D63D00F7D951 /* Level1_bg.png in Resources */ = {isa = PBXBuildFile; fileRef = C296048316F0D63D00F7D951 /* Level1_bg.png */; };
		C29604C016F0D63D00F7D951 /* level1_bg.tmx in Resources */ = {isa = PBXBuildFile; fileRef = C296048416F0D63D00F7D951 /* level1_bg.tmx */; };
		C29604C116F0D63D00F7D951 /* level1_obs-hd.png in Resources */ = {isa = PBXBuildFile; fileRef = C296048516F0D63D00F7D951 /* level1_obs-hd.png */; };
		C29604C216F0D63D00F7D951 /* level1_obs-hd.tmx in Resources */ = {isa = PBXBuildFile; fileRef = C296048616F0D63D00F7D951 /* level1_obs-hd.tmx */; };
		C29604C316F0D63D00F7D951 /* level1_obs.png in Resources */ = {isa = PBXBuildFile; fileRef = C296048716F0D63D00F7D951 /* level1_obs.png */; };
		C29604C416F0D63D00F7D951 /* level1_obs.tmx in Resources */ = {isa = PBXBuildFile; fileRef = C296048816F0D63D00F7D951 /* level1_obs.tmx */; };
		C29604C516F0D63D00F7D951 /* level2_bg.png in Resources */ = {isa = PBXBuildFile; fileRef = C296048916F0D63D00F7D951 /* level2_bg.png */; };
		C29604C616F0D63D00F7D951 /* level2_bg.psd in Resources */ = {isa = PBXBuildFile; fileRef = C296048A16F0D63D00F7D951 /* level2_bg.psd */; };
		C29604C716F0D63D00F7D951 /* level3_base_brick-hd.png in Resources */ = {isa = PBXBuildFile; fileRef = C296048B16F0D63D00F7D951 /* level3_base_brick-hd.png */; };
		C29604C816F0D63D00F7D951 /* level3_base_brick.png in Resources */ = {isa = PBXBuildFile; fileRef = C296048C16F0D63D00F7D951 /* level3_base_brick.png */; };
		C29604C916F0D63D00F7D951 /* level6_bg-hd.tmx in Resources */ = {isa = PBXBuildFile; fileRef = C296048D16F0D63D00F7D951 /* level6_bg-hd.tmx */; };
		C29604CA16F0D63D00F7D951 /* level6_bg.tmx in Resources */ = {isa = PBXBuildFile; fileRef = C296048E16F0D63D00F7D951 /* level6_bg.tmx */; };
		C29604CB16F0D63D00F7D951 /* level7_bg-hd.tmx in Resources */ = {isa = PBXBuildFile; fileRef = C296048F16F0D63D00F7D951 /* level7_bg-hd.tmx */; };
		C29604CC16F0D63D00F7D951 /* level7_bg.tmx in Resources */ = {isa = PBXBuildFile; fileRef = C296049016F0D63D00F7D951 /* level7_bg.tmx */; };
		C29604CD16F0D63D00F7D951 /* level8_bg-hd.tmx in Resources */ = {isa = PBXBuildFile; fileRef = C296049116F0D63D00F7D951 /* level8_bg-hd.tmx */; };
		C29604CE16F0D63D00F7D951 /* level8_bg.tmx in Resources */ = {isa = PBXBuildFile; fileRef = C296049216F0D63D00F7D951 /* level8_bg.tmx */; };
		C29604CF16F0D63D00F7D951 /* level9_bg-hd.tmx in Resources */ = {isa = PBXBuildFile; fileRef = C296049316F0D63D00F7D951 /* level9_bg-hd.tmx */; };
		C29604D016F0D63D00F7D951 /* level9_bg.tmx in Resources */ = {isa = PBXBuildFile; fileRef = C296049416F0D63D00F7D951 /* level9_bg.tmx */; };
		C29604D116F0D63D00F7D951 /* level11_bg-hd.tmx in Resources */ = {isa = PBXBuildFile; fileRef = C296049516F0D63D00F7D951 /* level11_bg-hd.tmx */; };
		C29604D216F0D63D00F7D951 /* level11_bg.tmx in Resources */ = {isa = PBXBuildFile; fileRef = C296049616F0D63D00F7D951 /* level11_bg.tmx */; };
		C29604D316F0D63D00F7D951 /* level12_bg-hd.tmx in Resources */ = {isa = PBXBuildFile; fileRef = C296049716F0D63D00F7D951 /* level12_bg-hd.tmx */; };
		C29604D416F0D63D00F7D951 /* level12_bg.tmx in Resources */ = {isa = PBXBuildFile; fileRef = C296049816F0D63D00F7D951 /* level12_bg.tmx */; };
		C29604D516F0D63D00F7D951 /* level13_bg-hd.tmx in Resources */ = {isa = PBXBuildFile; fileRef = C296049916F0D63D00F7D951 /* level13_bg-hd.tmx */; };
		C29604D616F0D63D00F7D951 /* level13_bg.tmx in Resources */ = {isa = PBXBuildFile; fileRef = C296049A16F0D63D00F7D951 /* level13_bg.tmx */; };
		C29604D716F0D63D00F7D951 /* pause-hd.png in Resources */ = {isa = PBXBuildFile; fileRef = C296049B16F0D63D00F7D951 /* pause-hd.png */; };
		C29604D816F0D63D00F7D951 /* pause.png in Resources */ = {isa = PBXBuildFile; fileRef = C296049C16F0D63D00F7D951 /* pause.png */; };
		C29604D916F0D63D00F7D951 /* red_ball-hd.png in Resources */ = {isa = PBXBuildFile; fileRef = C296049D16F0D63D00F7D951 /* red_ball-hd.png */; };
		C29604DA16F0D63D00F7D951 /* red_ball.png in Resources */ = {isa = PBXBuildFile; fileRef = C296049E16F0D63D00F7D951 /* red_ball.png */; };
		C29604DB16F0D63D00F7D951 /* score-hd.fnt in Resources */ = {isa = PBXBuildFile; fileRef = C296049F16F0D63D00F7D951 /* score-hd.fnt */; };
		C29604DC16F0D63D00F7D951 /* score-hd.png in Resources */ = {isa = PBXBuildFile; fileRef = C29604A016F0D63D00F7D951 /* score-hd.png */; };
		C29604DD16F0D63D00F7D951 /* score.fnt in Resources */ = {isa = PBXBuildFile; fileRef = C29604A116F0D63D00F7D951 /* score.fnt */; };
		C29604DE16F0D63D00F7D951 /* score.png in Resources */ = {isa = PBXBuildFile; fileRef = C29604A216F0D63D00F7D951 /* score.png */; };
		C29604DF16F0D63D00F7D951 /* smiley-hd.png in Resources */ = {isa = PBXBuildFile; fileRef = C29604A316F0D63D00F7D951 /* smiley-hd.png */; };
		C29604E016F0D63D00F7D951 /* smiley.png in Resources */ = {isa = PBXBuildFile; fileRef = C29604A416F0D63D00F7D951 /* smiley.png */; };
		C29604E116F0D63D00F7D951 /* star-hd.png in Resources */ = {isa = PBXBuildFile; fileRef = C29604A516F0D63D00F7D951 /* star-hd.png */; };
		C29604E216F0D63D00F7D951 /* star.plist in Resources */ = {isa = PBXBuildFile; fileRef = C29604A616F0D63D00F7D951 /* star.plist */; };
		C29604E316F0D63D00F7D951 /* star.png in Resources */ = {isa = PBXBuildFile; fileRef = C29604A716F0D63D00F7D951 /* star.png */; };
		C29604E416F0D63D00F7D951 /* wall-hd.png in Resources */ = {isa = PBXBuildFile; fileRef = C29604A816F0D63D00F7D951 /* wall-hd.png */; };
		C29604E516F0D63D00F7D951 /* wall.png in Resources */ = {isa = PBXBuildFile; fileRef = C29604A916F0D63D00F7D951 /* wall.png */; };
		C29604F616F0D6F500F7D951 /* BallUserData.mm in Sources */ = {isa = PBXBuildFile; fileRef = C29604E616F0D6F500F7D951 /* BallUserData.mm */; };
		C29604F716F0D6F500F7D951 /* CoinUserData.mm in Sources */ = {isa = PBXBuildFile; fileRef = C29604E716F0D6F500F7D951 /* CoinUserData.mm */; };
		C29604F816F0D6F500F7D951 /* ControlLayer.mm in Sources */ = {isa = PBXBuildFile; fileRef = C29604E816F0D6F500F7D951 /* ControlLayer.mm */; };
		C29604F916F0D6F500F7D951 /* DeletableBody.mm in Sources */ = {isa = PBXBuildFile; fileRef = C29604EA16F0D6F500F7D951 /* DeletableBody.mm */; };
		C29604FA16F0D6F500F7D951 /* EnemyUserData.mm in Sources */ = {isa = PBXBuildFile; fileRef = C29604EB16F0D6F500F7D951 /* EnemyUserData.mm */; };
		C29604FB16F0D6F500F7D951 /* GameLayer.mm in Sources */ = {isa = PBXBuildFile; fileRef = C29604EC16F0D6F500F7D951 /* GameLayer.mm */; };
		C29604FC16F0D6F500F7D951 /* GameManager.mm in Sources */ = {isa = PBXBuildFile; fileRef = C29604ED16F0D6F500F7D951 /* GameManager.mm */; };
		C29604FD16F0D6F500F7D951 /* GamePlayRootNode.mm in Sources */ = {isa = PBXBuildFile; fileRef = C29604EE16F0D6F500F7D951 /* GamePlayRootNode.mm */; };
		C29604FE16F0D6F500F7D951 /* GB2ShapeCache.mm in Sources */ = {isa = PBXBuildFile; fileRef = C29604F016F0D6F500F7D951 /* GB2ShapeCache.mm */; };
		C29604FF16F0D6F500F7D951 /* HBLevel.mm in Sources */ = {isa = PBXBuildFile; fileRef = C29604F216F0D6F500F7D951 /* HBLevel.mm */; };
		C296050016F0D6F500F7D951 /* HBUserData.mm in Sources */ = {isa = PBXBuildFile; fileRef = C29604F416F0D6F500F7D951 /* HBUserData.mm */; };
		C296051316F0D72900F7D951 /* Level01Scene.mm in Sources */ = {isa = PBXBuildFile; fileRef = C296050116F0D72800F7D951 /* Level01Scene.mm */; };
		C296051416F0D72900F7D951 /* Level02Scene.mm in Sources */ = {isa = PBXBuildFile; fileRef = C296050216F0D72800F7D951 /* Level02Scene.mm */; };
		C296051516F0D72900F7D951 /* Level03Scene.mm in Sources */ = {isa = PBXBuildFile; fileRef = C296050316F0D72800F7D951 /* Level03Scene.mm */; };
		C296051616F0D72900F7D951 /* Level04Scene.mm in Sources */ = {isa = PBXBuildFile; fileRef = C296050416F0D72800F7D951 /* Level04Scene.mm */; };
		C296051716F0D72900F7D951 /* Level05Scene.mm in Sources */ = {isa = PBXBuildFile; fileRef = C296050516F0D72800F7D951 /* Level05Scene.mm */; };
		C296051816F0D72900F7D951 /* Level06Scene.mm in Sources */ = {isa = PBXBuildFile; fileRef = C296050616F0D72800F7D951 /* Level06Scene.mm */; };
		C296051916F0D72900F7D951 /* Level07Scene.mm in Sources */ = {isa = PBXBuildFile; fileRef = C296050716F0D72800F7D951 /* Level07Scene.mm */; };
		C296051A16F0D72900F7D951 /* Level08Scene.mm in Sources */ = {isa = PBXBuildFile; fileRef = C296050816F0D72800F7D951 /* Level08Scene.mm */; };
		C296051B16F0D72900F7D951 /* Level09Scene.mm in Sources */ = {isa = PBXBuildFile; fileRef = C296050916F0D72800F7D951 /* Level09Scene.mm */; };
		C296051C16F0D72900F7D951 /* Level10Scene.mm in Sources */ = {isa = PBXBuildFile; fileRef = C296050A16F0D72800F7D951 /* Level10Scene.mm */; };
		C296051D16F0D72900F7D951 /* Level11Scene.mm in Sources */ = {isa = PBXBuildFile; fileRef = C296050B16F0D72800F7D951 /* Level11Scene.mm */; };
		C296051E16F0D72900F7D951 /* Level12Scene.mm in Sources */ = {isa = PBXBuildFile; fileRef = C296050C16F0D72800F7D951 /* Level12Scene.mm */; };
		C296051F16F0D72900F7D951 /* Level13Scene.mm in Sources */ = {isa = PBXBuildFile; fileRef = C296050D16F0D72900F7D951 /* Level13Scene.mm */; };
		C296052016F0D72900F7D951 /* Level14Scene.mm in Sources */ = {isa = PBXBuildFile; fileRef = C296050E16F0D72900F7D951 /* Level14Scene.mm */; };
		C296052116F0D72900F7D951 /* Level15Scene.mm in Sources */ = {isa = PBXBuildFile; fileRef = C296050F16F0D72900F7D951 /* Level15Scene.mm */; };
		C296052216F0D72900F7D951 /* LevelSet1.mm in Sources */ = {isa = PBXBuildFile; fileRef = C296051016F0D72900F7D951 /* LevelSet1.mm */; };
		C296052316F0D72900F7D951 /* LevelSet2.mm in Sources */ = {isa = PBXBuildFile; fileRef = C296051116F0D72900F7D951 /* LevelSet2.mm */; };
		C296052416F0D72900F7D951 /* LevelSet3.mm in Sources */ = {isa = PBXBuildFile; fileRef = C296051216F0D72900F7D951 /* LevelSet3.mm */; };
		C296052F16F0D7AC00F7D951 /* LoseLevelLayer.mm in Sources */ = {isa = PBXBuildFile; fileRef = C296052616F0D7AC00F7D951 /* LoseLevelLayer.mm */; };
		C296053016F0D7AC00F7D951 /* PauseLayer.mm in Sources */ = {isa = PBXBuildFile; fileRef = C296052816F0D7AC00F7D951 /* PauseLayer.mm */; };
		C296053116F0D7AC00F7D951 /* PDKeychainBindings.m in Sources */ = {isa = PBXBuildFile; fileRef = C296052A16F0D7AC00F7D951 /* PDKeychainBindings.m */; };
		C296053216F0D7AC00F7D951 /* PDKeychainBindingsController.m in Sources */ = {isa = PBXBuildFile; fileRef = C296052C16F0D7AC00F7D951 /* PDKeychainBindingsController.m */; };
		C296053316F0D7AC00F7D951 /* PhysicsSprite.mm in Sources */ = {isa = PBXBuildFile; fileRef = C296052E16F0D7AC00F7D951 /* PhysicsSprite.mm */; };
		C296053816F0D7C000F7D951 /* ScoreLayer.mm in Sources */ = {isa = PBXBuildFile; fileRef = C296053516F0D7C000F7D951 /* ScoreLayer.mm */; };
		C296053916F0D7C000F7D951 /* ScreenSize.mm in Sources */ = {isa = PBXBuildFile; fileRef = C296053716F0D7C000F7D951 /* ScreenSize.mm */; };
		C296054116F0D7E300F7D951 /* StartLevelLayer.mm in Sources */ = {isa = PBXBuildFile; fileRef = C296053B16F0D7E300F7D951 /* StartLevelLayer.mm */; };
		C296054216F0D7E300F7D951 /* StartScene.mm in Sources */ = {isa = PBXBuildFile; fileRef = C296053C16F0D7E300F7D951 /* StartScene.mm */; };
		C296054316F0D7E300F7D951 /* StarUserData.mm in Sources */ = {isa = PBXBuildFile; fileRef = C296053D16F0D7E300F7D951 /* StarUserData.mm */; };
		C296054416F0D7E300F7D951 /* WallUserData.mm in Sources */ = {isa = PBXBuildFile; fileRef = C296053E16F0D7E300F7D951 /* WallUserData.mm */; };
		C296054516F0D7E300F7D951 /* WinLevelLayer.mm in Sources */ = {isa = PBXBuildFile; fileRef = C296054016F0D7E300F7D951 /* WinLevelLayer.mm */; };
		C296054816F0E3CC00F7D951 /* HBContactListener.mm in Sources */ = {isa = PBXBuildFile; fileRef = C296054716F0E3CC00F7D951 /* HBContactListener.mm */; };
		DC193EB813B692D100500B56 /* GLES-Render.mm in Sources */ = {isa = PBXBuildFile; fileRef = DC193EB313B6872600500B56 /* GLES-Render.mm */; };
		DC193EC113B6969B00500B56 /* Author&License.txt in Resources */ = {isa = PBXBuildFile; fileRef = DC193EBF13B6969B00500B56 /* Author&License.txt */; };
		DC193EC313B6969B00500B56 /* dg_grounds32.png in Resources */ = {isa = PBXBuildFile; fileRef = DC193EC013B6969B00500B56 /* dg_grounds32.png */; };
		DC26D6BE14B9E4D500B6002E /* fps_images-hd.png in Resources */ = {isa = PBXBuildFile; fileRef = DC26D6BD14B9E4D500B6002E /* fps_images-hd.png */; };
		DC2721B1160CB01100D88944 /* Default-568h@2x.png in Resources */ = {isa = PBXBuildFile; fileRef = DC2721B0160CB01100D88944 /* Default-568h@2x.png */; };
		DC2A3EC4149A30B400EF78B0 /* Box2DDebugLayer.mm in Sources */ = {isa = PBXBuildFile; fileRef = DC2A3EC3149A30B400EF78B0 /* Box2DDebugLayer.mm */; };
		DC65615C13A969B600A7AC53 /* libbox2d-ios.a in Frameworks */ = {isa = PBXBuildFile; fileRef = DC65615013A969B600A7AC53 /* libbox2d-ios.a */; };
		DC65615D13A969B600A7AC53 /* libchipmunk-ios.a in Frameworks */ = {isa = PBXBuildFile; fileRef = DC65615113A969B600A7AC53 /* libchipmunk-ios.a */; };
		DC65615E13A969B600A7AC53 /* libchipmunk-spacemanager-ios.a in Frameworks */ = {isa = PBXBuildFile; fileRef = DC65615213A969B600A7AC53 /* libchipmunk-spacemanager-ios.a */; };
		DC65616013A969B600A7AC53 /* libcocos2d-extensions-ios.a in Frameworks */ = {isa = PBXBuildFile; fileRef = DC65615413A969B600A7AC53 /* libcocos2d-extensions-ios.a */; };
		DC65616113A969B600A7AC53 /* libcocos2d-ios.a in Frameworks */ = {isa = PBXBuildFile; fileRef = DC65615513A969B600A7AC53 /* libcocos2d-ios.a */; };
		DC65616213A969B600A7AC53 /* libcocos3d-ios.a in Frameworks */ = {isa = PBXBuildFile; fileRef = DC65615613A969B600A7AC53 /* libcocos3d-ios.a */; };
		DC65616313A969B600A7AC53 /* libcocosdenshion-ios.a in Frameworks */ = {isa = PBXBuildFile; fileRef = DC65615713A969B600A7AC53 /* libcocosdenshion-ios.a */; };
		DC65616413A969B600A7AC53 /* libkobold2d-ios.a in Frameworks */ = {isa = PBXBuildFile; fileRef = DC65615813A969B600A7AC53 /* libkobold2d-ios.a */; };
		DC65616513A969B600A7AC53 /* libobjectal-ios.a in Frameworks */ = {isa = PBXBuildFile; fileRef = DC65615913A969B600A7AC53 /* libobjectal-ios.a */; };
		DC65616613A969B600A7AC53 /* libsneakyinput-ios.a in Frameworks */ = {isa = PBXBuildFile; fileRef = DC65615A13A969B600A7AC53 /* libsneakyinput-ios.a */; };
		DC65617D15114BC500E59F8A /* fps_images-ipadhd.png in Resources */ = {isa = PBXBuildFile; fileRef = DC65617C15114BC500E59F8A /* fps_images-ipadhd.png */; };
		DCC1A0FA13A94ED5005BD75D /* Default.png in Resources */ = {isa = PBXBuildFile; fileRef = DCC1A0F913A94ED5005BD75D /* Default.png */; };
		DCC1A0FC13A94ED5005BD75D /* fps_images.png in Resources */ = {isa = PBXBuildFile; fileRef = DCC1A0FB13A94ED5005BD75D /* fps_images.png */; };
		DCC1A0FE13A94ED5005BD75D /* Icon-72.png in Resources */ = {isa = PBXBuildFile; fileRef = DCC1A0FD13A94ED5005BD75D /* Icon-72.png */; };
		DCC1A10013A94ED5005BD75D /* Icon-Small-50.png in Resources */ = {isa = PBXBuildFile; fileRef = DCC1A0FF13A94ED5005BD75D /* Icon-Small-50.png */; };
		DCC1A10213A94ED5005BD75D /* Icon-Small.png in Resources */ = {isa = PBXBuildFile; fileRef = DCC1A10113A94ED5005BD75D /* Icon-Small.png */; };
		DCC1A10413A94ED5005BD75D /* Icon-Small@2x.png in Resources */ = {isa = PBXBuildFile; fileRef = DCC1A10313A94ED5005BD75D /* Icon-Small@2x.png */; };
		DCC1A10613A94ED5005BD75D /* Icon.png in Resources */ = {isa = PBXBuildFile; fileRef = DCC1A10513A94ED5005BD75D /* Icon.png */; };
		DCC1A10813A94ED5005BD75D /* Icon@2x.png in Resources */ = {isa = PBXBuildFile; fileRef = DCC1A10713A94ED5005BD75D /* Icon@2x.png */; };
		DCC1A10B13A94ED5005BD75D /* iTunesArtwork in Resources */ = {isa = PBXBuildFile; fileRef = DCC1A10A13A94ED5005BD75D /* iTunesArtwork */; };
		DCC1A3A913A94F1A005BD75D /* AppDelegate.m in Sources */ = {isa = PBXBuildFile; fileRef = DCC1A38E13A94F1A005BD75D /* AppDelegate.m */; };
		DCC1A3AD13A94F1A005BD75D /* main.m in Sources */ = {isa = PBXBuildFile; fileRef = DCC1A39113A94F1A005BD75D /* main.m */; };
		DCC1A3AF13A94F1A005BD75D /* config.lua in Resources */ = {isa = PBXBuildFile; fileRef = DCC1A39513A94F1A005BD75D /* config.lua */; };
/* End PBXBuildFile section */

/* Begin PBXFileReference section */
		C296045C16F0D5F600F7D951 /* black-ball-hd.png */ = {isa = PBXFileReference; lastKnownFileType = image.png; path = "black-ball-hd.png"; sourceTree = "<group>"; };
		C296045D16F0D5F600F7D951 /* black-ball.png */ = {isa = PBXFileReference; lastKnownFileType = image.png; path = "black-ball.png"; sourceTree = "<group>"; };
		C296045E16F0D5F600F7D951 /* block.png */ = {isa = PBXFileReference; lastKnownFileType = image.png; path = block.png; sourceTree = "<group>"; };
		C296045F16F0D5F600F7D951 /* border1_shapes.plist */ = {isa = PBXFileReference; fileEncoding = 4; lastKnownFileType = text.plist.xml; path = border1_shapes.plist; sourceTree = "<group>"; };
		C296046416F0D60300F7D951 /* fader-hd.tmx */ = {isa = PBXFileReference; fileEncoding = 4; lastKnownFileType = text.xml; path = "fader-hd.tmx"; sourceTree = "<group>"; };
		C296046516F0D60300F7D951 /* fader.png */ = {isa = PBXFileReference; lastKnownFileType = image.png; path = fader.png; sourceTree = "<group>"; };
		C296046616F0D60300F7D951 /* fader.tmx */ = {isa = PBXFileReference; fileEncoding = 4; lastKnownFileType = text.xml; path = fader.tmx; sourceTree = "<group>"; };
		C296046A16F0D61A00F7D951 /* hb_guy.png */ = {isa = PBXFileReference; lastKnownFileType = image.png; path = hb_guy.png; sourceTree = "<group>"; };
		C296046B16F0D61A00F7D951 /* hoopy-ball-shapes.plist */ = {isa = PBXFileReference; fileEncoding = 4; lastKnownFileType = text.plist.xml; path = "hoopy-ball-shapes.plist"; sourceTree = "<group>"; };
		C296046E16F0D63D00F7D951 /* l2_base_brick-hd.png */ = {isa = PBXFileReference; lastKnownFileType = image.png; path = "l2_base_brick-hd.png"; sourceTree = "<group>"; };
		C296046F16F0D63D00F7D951 /* l2_base_brick.png */ = {isa = PBXFileReference; lastKnownFileType = image.png; path = l2_base_brick.png; sourceTree = "<group>"; };
		C296047016F0D63D00F7D951 /* l2_obs_1_base_small-hd.png */ = {isa = PBXFileReference; lastKnownFileType = image.png; path = "l2_obs_1_base_small-hd.png"; sourceTree = "<group>"; };
		C296047116F0D63D00F7D951 /* l2_obs_1_base_small.png */ = {isa = PBXFileReference; lastKnownFileType = image.png; path = l2_obs_1_base_small.png; sourceTree = "<group>"; };
		C296047216F0D63D00F7D951 /* l2_obs_1_base-hd.png */ = {isa = PBXFileReference; lastKnownFileType = image.png; path = "l2_obs_1_base-hd.png"; sourceTree = "<group>"; };
		C296047316F0D63D00F7D951 /* l2_obs_1_base.png */ = {isa = PBXFileReference; lastKnownFileType = image.png; path = l2_obs_1_base.png; sourceTree = "<group>"; };
		C296047416F0D63D00F7D951 /* l2_obs_shapes.plist */ = {isa = PBXFileReference; fileEncoding = 4; lastKnownFileType = text.plist.xml; path = l2_obs_shapes.plist; sourceTree = "<group>"; };
		C296047516F0D63D00F7D951 /* l3_bg-hd.png */ = {isa = PBXFileReference; lastKnownFileType = image.png; path = "l3_bg-hd.png"; sourceTree = "<group>"; };
		C296047616F0D63D00F7D951 /* l3_bg-hd.tmx */ = {isa = PBXFileReference; fileEncoding = 4; lastKnownFileType = text.xml; path = "l3_bg-hd.tmx"; sourceTree = "<group>"; };
		C296047716F0D63D00F7D951 /* l3_bg.png */ = {isa = PBXFileReference; lastKnownFileType = image.png; path = l3_bg.png; sourceTree = "<group>"; };
		C296047816F0D63D00F7D951 /* l3_bg.tmx */ = {isa = PBXFileReference; fileEncoding = 4; lastKnownFileType = text.xml; path = l3_bg.tmx; sourceTree = "<group>"; };
		C296047916F0D63D00F7D951 /* l3_obs_shapes.plist */ = {isa = PBXFileReference; fileEncoding = 4; lastKnownFileType = text.plist.xml; path = l3_obs_shapes.plist; sourceTree = "<group>"; };
		C296047A16F0D63D00F7D951 /* l3_obs1_sm-hd.png */ = {isa = PBXFileReference; lastKnownFileType = image.png; path = "l3_obs1_sm-hd.png"; sourceTree = "<group>"; };
		C296047B16F0D63D00F7D951 /* l3_obs1_sm.png */ = {isa = PBXFileReference; lastKnownFileType = image.png; path = l3_obs1_sm.png; sourceTree = "<group>"; };
		C296047C16F0D63D00F7D951 /* l3_obs1-hd.png */ = {isa = PBXFileReference; lastKnownFileType = image.png; path = "l3_obs1-hd.png"; sourceTree = "<group>"; };
		C296047D16F0D63D00F7D951 /* l3_obs1.png */ = {isa = PBXFileReference; lastKnownFileType = image.png; path = l3_obs1.png; sourceTree = "<group>"; };
		C296047E16F0D63D00F7D951 /* l3_obs2_sm-hd.png */ = {isa = PBXFileReference; lastKnownFileType = image.png; path = "l3_obs2_sm-hd.png"; sourceTree = "<group>"; };
		C296047F16F0D63D00F7D951 /* l3_obs2_sm.png */ = {isa = PBXFileReference; lastKnownFileType = image.png; path = l3_obs2_sm.png; sourceTree = "<group>"; };
		C296048016F0D63D00F7D951 /* l3_obs2-hd.png */ = {isa = PBXFileReference; lastKnownFileType = image.png; path = "l3_obs2-hd.png"; sourceTree = "<group>"; };
		C296048116F0D63D00F7D951 /* l3_obs2.png */ = {isa = PBXFileReference; lastKnownFileType = image.png; path = l3_obs2.png; sourceTree = "<group>"; };
		C296048216F0D63D00F7D951 /* level1_bg-hd.tmx */ = {isa = PBXFileReference; fileEncoding = 4; lastKnownFileType = text.xml; path = "level1_bg-hd.tmx"; sourceTree = "<group>"; };
		C296048316F0D63D00F7D951 /* Level1_bg.png */ = {isa = PBXFileReference; lastKnownFileType = image.png; path = Level1_bg.png; sourceTree = "<group>"; };
		C296048416F0D63D00F7D951 /* level1_bg.tmx */ = {isa = PBXFileReference; fileEncoding = 4; lastKnownFileType = text.xml; path = level1_bg.tmx; sourceTree = "<group>"; };
		C296048516F0D63D00F7D951 /* level1_obs-hd.png */ = {isa = PBXFileReference; lastKnownFileType = image.png; path = "level1_obs-hd.png"; sourceTree = "<group>"; };
		C296048616F0D63D00F7D951 /* level1_obs-hd.tmx */ = {isa = PBXFileReference; fileEncoding = 4; lastKnownFileType = text.xml; path = "level1_obs-hd.tmx"; sourceTree = "<group>"; };
		C296048716F0D63D00F7D951 /* level1_obs.png */ = {isa = PBXFileReference; lastKnownFileType = image.png; path = level1_obs.png; sourceTree = "<group>"; };
		C296048816F0D63D00F7D951 /* level1_obs.tmx */ = {isa = PBXFileReference; fileEncoding = 4; lastKnownFileType = text.xml; path = level1_obs.tmx; sourceTree = "<group>"; };
		C296048916F0D63D00F7D951 /* level2_bg.png */ = {isa = PBXFileReference; lastKnownFileType = image.png; path = level2_bg.png; sourceTree = "<group>"; };
		C296048A16F0D63D00F7D951 /* level2_bg.psd */ = {isa = PBXFileReference; lastKnownFileType = file; path = level2_bg.psd; sourceTree = "<group>"; };
		C296048B16F0D63D00F7D951 /* level3_base_brick-hd.png */ = {isa = PBXFileReference; lastKnownFileType = image.png; path = "level3_base_brick-hd.png"; sourceTree = "<group>"; };
		C296048C16F0D63D00F7D951 /* level3_base_brick.png */ = {isa = PBXFileReference; lastKnownFileType = image.png; path = level3_base_brick.png; sourceTree = "<group>"; };
		C296048D16F0D63D00F7D951 /* level6_bg-hd.tmx */ = {isa = PBXFileReference; fileEncoding = 4; lastKnownFileType = text.xml; path = "level6_bg-hd.tmx"; sourceTree = "<group>"; };
		C296048E16F0D63D00F7D951 /* level6_bg.tmx */ = {isa = PBXFileReference; fileEncoding = 4; lastKnownFileType = text.xml; path = level6_bg.tmx; sourceTree = "<group>"; };
		C296048F16F0D63D00F7D951 /* level7_bg-hd.tmx */ = {isa = PBXFileReference; fileEncoding = 4; lastKnownFileType = text.xml; path = "level7_bg-hd.tmx"; sourceTree = "<group>"; };
		C296049016F0D63D00F7D951 /* level7_bg.tmx */ = {isa = PBXFileReference; fileEncoding = 4; lastKnownFileType = text.xml; path = level7_bg.tmx; sourceTree = "<group>"; };
		C296049116F0D63D00F7D951 /* level8_bg-hd.tmx */ = {isa = PBXFileReference; fileEncoding = 4; lastKnownFileType = text.xml; path = "level8_bg-hd.tmx"; sourceTree = "<group>"; };
		C296049216F0D63D00F7D951 /* level8_bg.tmx */ = {isa = PBXFileReference; fileEncoding = 4; lastKnownFileType = text.xml; path = level8_bg.tmx; sourceTree = "<group>"; };
		C296049316F0D63D00F7D951 /* level9_bg-hd.tmx */ = {isa = PBXFileReference; fileEncoding = 4; lastKnownFileType = text.xml; path = "level9_bg-hd.tmx"; sourceTree = "<group>"; };
		C296049416F0D63D00F7D951 /* level9_bg.tmx */ = {isa = PBXFileReference; fileEncoding = 4; lastKnownFileType = text.xml; path = level9_bg.tmx; sourceTree = "<group>"; };
		C296049516F0D63D00F7D951 /* level11_bg-hd.tmx */ = {isa = PBXFileReference; fileEncoding = 4; lastKnownFileType = text.xml; path = "level11_bg-hd.tmx"; sourceTree = "<group>"; };
		C296049616F0D63D00F7D951 /* level11_bg.tmx */ = {isa = PBXFileReference; fileEncoding = 4; lastKnownFileType = text.xml; path = level11_bg.tmx; sourceTree = "<group>"; };
		C296049716F0D63D00F7D951 /* level12_bg-hd.tmx */ = {isa = PBXFileReference; fileEncoding = 4; lastKnownFileType = text.xml; path = "level12_bg-hd.tmx"; sourceTree = "<group>"; };
		C296049816F0D63D00F7D951 /* level12_bg.tmx */ = {isa = PBXFileReference; fileEncoding = 4; lastKnownFileType = text.xml; path = level12_bg.tmx; sourceTree = "<group>"; };
		C296049916F0D63D00F7D951 /* level13_bg-hd.tmx */ = {isa = PBXFileReference; fileEncoding = 4; lastKnownFileType = text.xml; path = "level13_bg-hd.tmx"; sourceTree = "<group>"; };
		C296049A16F0D63D00F7D951 /* level13_bg.tmx */ = {isa = PBXFileReference; fileEncoding = 4; lastKnownFileType = text.xml; path = level13_bg.tmx; sourceTree = "<group>"; };
		C296049B16F0D63D00F7D951 /* pause-hd.png */ = {isa = PBXFileReference; lastKnownFileType = image.png; path = "pause-hd.png"; sourceTree = "<group>"; };
		C296049C16F0D63D00F7D951 /* pause.png */ = {isa = PBXFileReference; lastKnownFileType = image.png; path = pause.png; sourceTree = "<group>"; };
		C296049D16F0D63D00F7D951 /* red_ball-hd.png */ = {isa = PBXFileReference; lastKnownFileType = image.png; path = "red_ball-hd.png"; sourceTree = "<group>"; };
		C296049E16F0D63D00F7D951 /* red_ball.png */ = {isa = PBXFileReference; lastKnownFileType = image.png; path = red_ball.png; sourceTree = "<group>"; };
		C296049F16F0D63D00F7D951 /* score-hd.fnt */ = {isa = PBXFileReference; fileEncoding = 4; lastKnownFileType = text; path = "score-hd.fnt"; sourceTree = "<group>"; };
		C29604A016F0D63D00F7D951 /* score-hd.png */ = {isa = PBXFileReference; lastKnownFileType = image.png; path = "score-hd.png"; sourceTree = "<group>"; };
		C29604A116F0D63D00F7D951 /* score.fnt */ = {isa = PBXFileReference; fileEncoding = 4; lastKnownFileType = text; path = score.fnt; sourceTree = "<group>"; };
		C29604A216F0D63D00F7D951 /* score.png */ = {isa = PBXFileReference; lastKnownFileType = image.png; path = score.png; sourceTree = "<group>"; };
		C29604A316F0D63D00F7D951 /* smiley-hd.png */ = {isa = PBXFileReference; lastKnownFileType = image.png; path = "smiley-hd.png"; sourceTree = "<group>"; };
		C29604A416F0D63D00F7D951 /* smiley.png */ = {isa = PBXFileReference; lastKnownFileType = image.png; path = smiley.png; sourceTree = "<group>"; };
		C29604A516F0D63D00F7D951 /* star-hd.png */ = {isa = PBXFileReference; lastKnownFileType = image.png; path = "star-hd.png"; sourceTree = "<group>"; };
		C29604A616F0D63D00F7D951 /* star.plist */ = {isa = PBXFileReference; fileEncoding = 4; lastKnownFileType = text.plist.xml; path = star.plist; sourceTree = "<group>"; };
		C29604A716F0D63D00F7D951 /* star.png */ = {isa = PBXFileReference; lastKnownFileType = image.png; path = star.png; sourceTree = "<group>"; };
		C29604A816F0D63D00F7D951 /* wall-hd.png */ = {isa = PBXFileReference; lastKnownFileType = image.png; path = "wall-hd.png"; sourceTree = "<group>"; };
		C29604A916F0D63D00F7D951 /* wall.png */ = {isa = PBXFileReference; lastKnownFileType = image.png; path = wall.png; sourceTree = "<group>"; };
		C29604E616F0D6F500F7D951 /* BallUserData.mm */ = {isa = PBXFileReference; fileEncoding = 4; lastKnownFileType = sourcecode.cpp.objcpp; path = BallUserData.mm; sourceTree = "<group>"; };
		C29604E716F0D6F500F7D951 /* CoinUserData.mm */ = {isa = PBXFileReference; fileEncoding = 4; lastKnownFileType = sourcecode.cpp.objcpp; path = CoinUserData.mm; sourceTree = "<group>"; };
		C29604E816F0D6F500F7D951 /* ControlLayer.mm */ = {isa = PBXFileReference; fileEncoding = 4; lastKnownFileType = sourcecode.cpp.objcpp; path = ControlLayer.mm; sourceTree = "<group>"; };
		C29604E916F0D6F500F7D951 /* DeletableBody.h */ = {isa = PBXFileReference; fileEncoding = 4; lastKnownFileType = sourcecode.c.h; path = DeletableBody.h; sourceTree = "<group>"; };
		C29604EA16F0D6F500F7D951 /* DeletableBody.mm */ = {isa = PBXFileReference; fileEncoding = 4; lastKnownFileType = sourcecode.cpp.objcpp; path = DeletableBody.mm; sourceTree = "<group>"; };
		C29604EB16F0D6F500F7D951 /* EnemyUserData.mm */ = {isa = PBXFileReference; fileEncoding = 4; lastKnownFileType = sourcecode.cpp.objcpp; path = EnemyUserData.mm; sourceTree = "<group>"; };
		C29604EC16F0D6F500F7D951 /* GameLayer.mm */ = {isa = PBXFileReference; fileEncoding = 4; lastKnownFileType = sourcecode.cpp.objcpp; path = GameLayer.mm; sourceTree = "<group>"; };
		C29604ED16F0D6F500F7D951 /* GameManager.mm */ = {isa = PBXFileReference; fileEncoding = 4; lastKnownFileType = sourcecode.cpp.objcpp; path = GameManager.mm; sourceTree = "<group>"; };
		C29604EE16F0D6F500F7D951 /* GamePlayRootNode.mm */ = {isa = PBXFileReference; fileEncoding = 4; lastKnownFileType = sourcecode.cpp.objcpp; path = GamePlayRootNode.mm; sourceTree = "<group>"; };
		C29604EF16F0D6F500F7D951 /* GB2ShapeCache.h */ = {isa = PBXFileReference; fileEncoding = 4; lastKnownFileType = sourcecode.c.h; path = GB2ShapeCache.h; sourceTree = "<group>"; };
		C29604F016F0D6F500F7D951 /* GB2ShapeCache.mm */ = {isa = PBXFileReference; fileEncoding = 4; lastKnownFileType = sourcecode.cpp.objcpp; path = GB2ShapeCache.mm; sourceTree = "<group>"; };
		C29604F116F0D6F500F7D951 /* HBLevel.h */ = {isa = PBXFileReference; fileEncoding = 4; lastKnownFileType = sourcecode.c.h; path = HBLevel.h; sourceTree = "<group>"; };
		C29604F216F0D6F500F7D951 /* HBLevel.mm */ = {isa = PBXFileReference; fileEncoding = 4; lastKnownFileType = sourcecode.cpp.objcpp; path = HBLevel.mm; sourceTree = "<group>"; };
		C29604F316F0D6F500F7D951 /* HBUserData.h */ = {isa = PBXFileReference; fileEncoding = 4; lastKnownFileType = sourcecode.c.h; path = HBUserData.h; sourceTree = "<group>"; };
		C29604F416F0D6F500F7D951 /* HBUserData.mm */ = {isa = PBXFileReference; fileEncoding = 4; lastKnownFileType = sourcecode.cpp.objcpp; path = HBUserData.mm; sourceTree = "<group>"; };
		C29604F516F0D6F500F7D951 /* HoopyBall.h */ = {isa = PBXFileReference; fileEncoding = 4; lastKnownFileType = sourcecode.c.h; path = HoopyBall.h; sourceTree = "<group>"; };
		C296050116F0D72800F7D951 /* Level01Scene.mm */ = {isa = PBXFileReference; fileEncoding = 4; lastKnownFileType = sourcecode.cpp.objcpp; path = Level01Scene.mm; sourceTree = "<group>"; };
		C296050216F0D72800F7D951 /* Level02Scene.mm */ = {isa = PBXFileReference; fileEncoding = 4; lastKnownFileType = sourcecode.cpp.objcpp; path = Level02Scene.mm; sourceTree = "<group>"; };
		C296050316F0D72800F7D951 /* Level03Scene.mm */ = {isa = PBXFileReference; fileEncoding = 4; lastKnownFileType = sourcecode.cpp.objcpp; path = Level03Scene.mm; sourceTree = "<group>"; };
		C296050416F0D72800F7D951 /* Level04Scene.mm */ = {isa = PBXFileReference; fileEncoding = 4; lastKnownFileType = sourcecode.cpp.objcpp; path = Level04Scene.mm; sourceTree = "<group>"; };
		C296050516F0D72800F7D951 /* Level05Scene.mm */ = {isa = PBXFileReference; fileEncoding = 4; lastKnownFileType = sourcecode.cpp.objcpp; path = Level05Scene.mm; sourceTree = "<group>"; };
		C296050616F0D72800F7D951 /* Level06Scene.mm */ = {isa = PBXFileReference; fileEncoding = 4; lastKnownFileType = sourcecode.cpp.objcpp; path = Level06Scene.mm; sourceTree = "<group>"; };
		C296050716F0D72800F7D951 /* Level07Scene.mm */ = {isa = PBXFileReference; fileEncoding = 4; lastKnownFileType = sourcecode.cpp.objcpp; path = Level07Scene.mm; sourceTree = "<group>"; };
		C296050816F0D72800F7D951 /* Level08Scene.mm */ = {isa = PBXFileReference; fileEncoding = 4; lastKnownFileType = sourcecode.cpp.objcpp; path = Level08Scene.mm; sourceTree = "<group>"; };
		C296050916F0D72800F7D951 /* Level09Scene.mm */ = {isa = PBXFileReference; fileEncoding = 4; lastKnownFileType = sourcecode.cpp.objcpp; path = Level09Scene.mm; sourceTree = "<group>"; };
		C296050A16F0D72800F7D951 /* Level10Scene.mm */ = {isa = PBXFileReference; fileEncoding = 4; lastKnownFileType = sourcecode.cpp.objcpp; path = Level10Scene.mm; sourceTree = "<group>"; };
		C296050B16F0D72800F7D951 /* Level11Scene.mm */ = {isa = PBXFileReference; fileEncoding = 4; lastKnownFileType = sourcecode.cpp.objcpp; path = Level11Scene.mm; sourceTree = "<group>"; };
		C296050C16F0D72800F7D951 /* Level12Scene.mm */ = {isa = PBXFileReference; fileEncoding = 4; lastKnownFileType = sourcecode.cpp.objcpp; path = Level12Scene.mm; sourceTree = "<group>"; };
		C296050D16F0D72900F7D951 /* Level13Scene.mm */ = {isa = PBXFileReference; fileEncoding = 4; lastKnownFileType = sourcecode.cpp.objcpp; path = Level13Scene.mm; sourceTree = "<group>"; };
		C296050E16F0D72900F7D951 /* Level14Scene.mm */ = {isa = PBXFileReference; fileEncoding = 4; lastKnownFileType = sourcecode.cpp.objcpp; path = Level14Scene.mm; sourceTree = "<group>"; };
		C296050F16F0D72900F7D951 /* Level15Scene.mm */ = {isa = PBXFileReference; fileEncoding = 4; lastKnownFileType = sourcecode.cpp.objcpp; path = Level15Scene.mm; sourceTree = "<group>"; };
		C296051016F0D72900F7D951 /* LevelSet1.mm */ = {isa = PBXFileReference; fileEncoding = 4; lastKnownFileType = sourcecode.cpp.objcpp; path = LevelSet1.mm; sourceTree = "<group>"; };
		C296051116F0D72900F7D951 /* LevelSet2.mm */ = {isa = PBXFileReference; fileEncoding = 4; lastKnownFileType = sourcecode.cpp.objcpp; path = LevelSet2.mm; sourceTree = "<group>"; };
		C296051216F0D72900F7D951 /* LevelSet3.mm */ = {isa = PBXFileReference; fileEncoding = 4; lastKnownFileType = sourcecode.cpp.objcpp; path = LevelSet3.mm; sourceTree = "<group>"; };
		C296052516F0D7AC00F7D951 /* LoseLevelLayer.h */ = {isa = PBXFileReference; fileEncoding = 4; lastKnownFileType = sourcecode.c.h; path = LoseLevelLayer.h; sourceTree = "<group>"; };
		C296052616F0D7AC00F7D951 /* LoseLevelLayer.mm */ = {isa = PBXFileReference; fileEncoding = 4; lastKnownFileType = sourcecode.cpp.objcpp; path = LoseLevelLayer.mm; sourceTree = "<group>"; };
		C296052716F0D7AC00F7D951 /* PauseLayer.h */ = {isa = PBXFileReference; fileEncoding = 4; lastKnownFileType = sourcecode.c.h; path = PauseLayer.h; sourceTree = "<group>"; };
		C296052816F0D7AC00F7D951 /* PauseLayer.mm */ = {isa = PBXFileReference; fileEncoding = 4; lastKnownFileType = sourcecode.cpp.objcpp; path = PauseLayer.mm; sourceTree = "<group>"; };
		C296052916F0D7AC00F7D951 /* PDKeychainBindings.h */ = {isa = PBXFileReference; fileEncoding = 4; lastKnownFileType = sourcecode.c.h; path = PDKeychainBindings.h; sourceTree = "<group>"; };
		C296052A16F0D7AC00F7D951 /* PDKeychainBindings.m */ = {isa = PBXFileReference; fileEncoding = 4; lastKnownFileType = sourcecode.c.objc; path = PDKeychainBindings.m; sourceTree = "<group>"; };
		C296052B16F0D7AC00F7D951 /* PDKeychainBindingsController.h */ = {isa = PBXFileReference; fileEncoding = 4; lastKnownFileType = sourcecode.c.h; path = PDKeychainBindingsController.h; sourceTree = "<group>"; };
		C296052C16F0D7AC00F7D951 /* PDKeychainBindingsController.m */ = {isa = PBXFileReference; fileEncoding = 4; lastKnownFileType = sourcecode.c.objc; path = PDKeychainBindingsController.m; sourceTree = "<group>"; };
		C296052D16F0D7AC00F7D951 /* PhysicsSprite.h */ = {isa = PBXFileReference; fileEncoding = 4; lastKnownFileType = sourcecode.c.h; path = PhysicsSprite.h; sourceTree = "<group>"; };
		C296052E16F0D7AC00F7D951 /* PhysicsSprite.mm */ = {isa = PBXFileReference; fileEncoding = 4; lastKnownFileType = sourcecode.cpp.objcpp; path = PhysicsSprite.mm; sourceTree = "<group>"; };
		C296053416F0D7C000F7D951 /* ScoreLayer.h */ = {isa = PBXFileReference; fileEncoding = 4; lastKnownFileType = sourcecode.c.h; path = ScoreLayer.h; sourceTree = "<group>"; };
		C296053516F0D7C000F7D951 /* ScoreLayer.mm */ = {isa = PBXFileReference; fileEncoding = 4; lastKnownFileType = sourcecode.cpp.objcpp; path = ScoreLayer.mm; sourceTree = "<group>"; };
		C296053616F0D7C000F7D951 /* ScreenSize.h */ = {isa = PBXFileReference; fileEncoding = 4; lastKnownFileType = sourcecode.c.h; path = ScreenSize.h; sourceTree = "<group>"; };
		C296053716F0D7C000F7D951 /* ScreenSize.mm */ = {isa = PBXFileReference; fileEncoding = 4; lastKnownFileType = sourcecode.cpp.objcpp; path = ScreenSize.mm; sourceTree = "<group>"; };
		C296053A16F0D7E300F7D951 /* StartLevelLayer.h */ = {isa = PBXFileReference; fileEncoding = 4; lastKnownFileType = sourcecode.c.h; path = StartLevelLayer.h; sourceTree = "<group>"; };
		C296053B16F0D7E300F7D951 /* StartLevelLayer.mm */ = {isa = PBXFileReference; fileEncoding = 4; lastKnownFileType = sourcecode.cpp.objcpp; path = StartLevelLayer.mm; sourceTree = "<group>"; };
		C296053C16F0D7E300F7D951 /* StartScene.mm */ = {isa = PBXFileReference; fileEncoding = 4; lastKnownFileType = sourcecode.cpp.objcpp; path = StartScene.mm; sourceTree = "<group>"; };
		C296053D16F0D7E300F7D951 /* StarUserData.mm */ = {isa = PBXFileReference; fileEncoding = 4; lastKnownFileType = sourcecode.cpp.objcpp; path = StarUserData.mm; sourceTree = "<group>"; };
		C296053E16F0D7E300F7D951 /* WallUserData.mm */ = {isa = PBXFileReference; fileEncoding = 4; lastKnownFileType = sourcecode.cpp.objcpp; path = WallUserData.mm; sourceTree = "<group>"; };
		C296053F16F0D7E300F7D951 /* WinLevelLayer.h */ = {isa = PBXFileReference; fileEncoding = 4; lastKnownFileType = sourcecode.c.h; path = WinLevelLayer.h; sourceTree = "<group>"; };
		C296054016F0D7E300F7D951 /* WinLevelLayer.mm */ = {isa = PBXFileReference; fileEncoding = 4; lastKnownFileType = sourcecode.cpp.objcpp; path = WinLevelLayer.mm; sourceTree = "<group>"; };
		C296054616F0E3CC00F7D951 /* HBContactListener.h */ = {isa = PBXFileReference; fileEncoding = 4; lastKnownFileType = sourcecode.c.h; path = HBContactListener.h; sourceTree = "<group>"; };
		C296054716F0E3CC00F7D951 /* HBContactListener.mm */ = {isa = PBXFileReference; fileEncoding = 4; lastKnownFileType = sourcecode.cpp.objcpp; path = HBContactListener.mm; sourceTree = "<group>"; };
		DC193EB213B6872600500B56 /* GLES-Render.h */ = {isa = PBXFileReference; fileEncoding = 4; lastKnownFileType = sourcecode.c.h; path = "GLES-Render.h"; sourceTree = "<group>"; };
		DC193EB313B6872600500B56 /* GLES-Render.mm */ = {isa = PBXFileReference; fileEncoding = 4; lastKnownFileType = sourcecode.cpp.objcpp; path = "GLES-Render.mm"; sourceTree = "<group>"; };
		DC193EBF13B6969B00500B56 /* Author&License.txt */ = {isa = PBXFileReference; fileEncoding = 4; lastKnownFileType = text; path = "Author&License.txt"; sourceTree = "<group>"; };
		DC193EC013B6969B00500B56 /* dg_grounds32.png */ = {isa = PBXFileReference; lastKnownFileType = image.png; path = dg_grounds32.png; sourceTree = "<group>"; };
		DC26D6BD14B9E4D500B6002E /* fps_images-hd.png */ = {isa = PBXFileReference; lastKnownFileType = image.png; path = "fps_images-hd.png"; sourceTree = "<group>"; };
		DC2721B0160CB01100D88944 /* Default-568h@2x.png */ = {isa = PBXFileReference; lastKnownFileType = image.png; path = "Default-568h@2x.png"; sourceTree = "<group>"; };
		DC2A3EC2149A30B400EF78B0 /* Box2DDebugLayer.h */ = {isa = PBXFileReference; fileEncoding = 4; lastKnownFileType = sourcecode.c.h; path = Box2DDebugLayer.h; sourceTree = "<group>"; };
		DC2A3EC3149A30B400EF78B0 /* Box2DDebugLayer.mm */ = {isa = PBXFileReference; fileEncoding = 4; lastKnownFileType = sourcecode.cpp.objcpp; path = Box2DDebugLayer.mm; sourceTree = "<group>"; };
		DC3BE97813B4FB71003739CC /* BuildSettings-iOS.xcconfig */ = {isa = PBXFileReference; lastKnownFileType = text.xcconfig; path = "BuildSettings-iOS.xcconfig"; sourceTree = "<group>"; };
		DC65615013A969B600A7AC53 /* libbox2d-ios.a */ = {isa = PBXFileReference; explicitFileType = archive.ar; path = "libbox2d-ios.a"; sourceTree = BUILT_PRODUCTS_DIR; };
		DC65615113A969B600A7AC53 /* libchipmunk-ios.a */ = {isa = PBXFileReference; explicitFileType = archive.ar; path = "libchipmunk-ios.a"; sourceTree = BUILT_PRODUCTS_DIR; };
		DC65615213A969B600A7AC53 /* libchipmunk-spacemanager-ios.a */ = {isa = PBXFileReference; explicitFileType = archive.ar; path = "libchipmunk-spacemanager-ios.a"; sourceTree = BUILT_PRODUCTS_DIR; };
		DC65615413A969B600A7AC53 /* libcocos2d-extensions-ios.a */ = {isa = PBXFileReference; explicitFileType = archive.ar; path = "libcocos2d-extensions-ios.a"; sourceTree = BUILT_PRODUCTS_DIR; };
		DC65615513A969B600A7AC53 /* libcocos2d-ios.a */ = {isa = PBXFileReference; explicitFileType = archive.ar; path = "libcocos2d-ios.a"; sourceTree = BUILT_PRODUCTS_DIR; };
		DC65615613A969B600A7AC53 /* libcocos3d-ios.a */ = {isa = PBXFileReference; explicitFileType = archive.ar; path = "libcocos3d-ios.a"; sourceTree = BUILT_PRODUCTS_DIR; };
		DC65615713A969B600A7AC53 /* libcocosdenshion-ios.a */ = {isa = PBXFileReference; explicitFileType = archive.ar; path = "libcocosdenshion-ios.a"; sourceTree = BUILT_PRODUCTS_DIR; };
		DC65615813A969B600A7AC53 /* libkobold2d-ios.a */ = {isa = PBXFileReference; explicitFileType = archive.ar; path = "libkobold2d-ios.a"; sourceTree = BUILT_PRODUCTS_DIR; };
		DC65615913A969B600A7AC53 /* libobjectal-ios.a */ = {isa = PBXFileReference; explicitFileType = archive.ar; path = "libobjectal-ios.a"; sourceTree = BUILT_PRODUCTS_DIR; };
		DC65615A13A969B600A7AC53 /* libsneakyinput-ios.a */ = {isa = PBXFileReference; explicitFileType = archive.ar; path = "libsneakyinput-ios.a"; sourceTree = BUILT_PRODUCTS_DIR; };
		DC65617C15114BC500E59F8A /* fps_images-ipadhd.png */ = {isa = PBXFileReference; lastKnownFileType = image.png; path = "fps_images-ipadhd.png"; sourceTree = "<group>"; };
		DC9C33E713B5024400931BF2 /* BuildSettings-Debug-Mac.xcconfig */ = {isa = PBXFileReference; lastKnownFileType = text.xcconfig; path = "BuildSettings-Debug-Mac.xcconfig"; sourceTree = "<group>"; };
		DC9C33E813B5024400931BF2 /* BuildSettings-Mac.xcconfig */ = {isa = PBXFileReference; lastKnownFileType = text.xcconfig; path = "BuildSettings-Mac.xcconfig"; sourceTree = "<group>"; };
		DC9C33E913B5024400931BF2 /* BuildSettings-Release-Mac.xcconfig */ = {isa = PBXFileReference; lastKnownFileType = text.xcconfig; path = "BuildSettings-Release-Mac.xcconfig"; sourceTree = "<group>"; };
		DCC1A0E313A94ED5005BD75D /* HoopyBall-iOS.app */ = {isa = PBXFileReference; explicitFileType = wrapper.application; includeInIndex = 0; path = "HoopyBall-iOS.app"; sourceTree = BUILT_PRODUCTS_DIR; };
		DCC1A0F913A94ED5005BD75D /* Default.png */ = {isa = PBXFileReference; lastKnownFileType = image.png; path = Default.png; sourceTree = "<group>"; };
		DCC1A0FB13A94ED5005BD75D /* fps_images.png */ = {isa = PBXFileReference; lastKnownFileType = image.png; path = fps_images.png; sourceTree = "<group>"; };
		DCC1A0FD13A94ED5005BD75D /* Icon-72.png */ = {isa = PBXFileReference; lastKnownFileType = image.png; path = "Icon-72.png"; sourceTree = "<group>"; };
		DCC1A0FF13A94ED5005BD75D /* Icon-Small-50.png */ = {isa = PBXFileReference; lastKnownFileType = image.png; path = "Icon-Small-50.png"; sourceTree = "<group>"; };
		DCC1A10113A94ED5005BD75D /* Icon-Small.png */ = {isa = PBXFileReference; lastKnownFileType = image.png; path = "Icon-Small.png"; sourceTree = "<group>"; };
		DCC1A10313A94ED5005BD75D /* Icon-Small@2x.png */ = {isa = PBXFileReference; lastKnownFileType = image.png; path = "Icon-Small@2x.png"; sourceTree = "<group>"; };
		DCC1A10513A94ED5005BD75D /* Icon.png */ = {isa = PBXFileReference; lastKnownFileType = image.png; path = Icon.png; sourceTree = "<group>"; };
		DCC1A10713A94ED5005BD75D /* Icon@2x.png */ = {isa = PBXFileReference; lastKnownFileType = image.png; path = "Icon@2x.png"; sourceTree = "<group>"; };
		DCC1A10913A94ED5005BD75D /* Info.plist */ = {isa = PBXFileReference; lastKnownFileType = text.plist.xml; path = Info.plist; sourceTree = "<group>"; };
		DCC1A10A13A94ED5005BD75D /* iTunesArtwork */ = {isa = PBXFileReference; lastKnownFileType = file; path = iTunesArtwork; sourceTree = "<group>"; };
		DCC1A26813A94EE6005BD75D /* English */ = {isa = PBXFileReference; lastKnownFileType = text.plist.strings; name = English; path = Resources/English.lproj/InfoPlist.strings; sourceTree = "<group>"; };
		DCC1A26B13A94EE6005BD75D /* English */ = {isa = PBXFileReference; lastKnownFileType = file.xib; name = English; path = Resources/English.lproj/MainMenu.xib; sourceTree = "<group>"; };
		DCC1A26D13A94EE6005BD75D /* fps_images.png */ = {isa = PBXFileReference; lastKnownFileType = image.png; name = fps_images.png; path = Resources/fps_images.png; sourceTree = "<group>"; };
		DCC1A26F13A94EE6005BD75D /* icon.icns */ = {isa = PBXFileReference; lastKnownFileType = image.icns; name = icon.icns; path = Resources/icon.icns; sourceTree = "<group>"; };
		DCC1A27113A94EE6005BD75D /* Info.plist */ = {isa = PBXFileReference; lastKnownFileType = text.plist.xml; name = Info.plist; path = Resources/Info.plist; sourceTree = "<group>"; };
		DCC1A38D13A94F1A005BD75D /* AppDelegate.h */ = {isa = PBXFileReference; fileEncoding = 4; lastKnownFileType = sourcecode.c.h; path = AppDelegate.h; sourceTree = "<group>"; };
		DCC1A38E13A94F1A005BD75D /* AppDelegate.m */ = {isa = PBXFileReference; fileEncoding = 4; lastKnownFileType = sourcecode.c.objc; path = AppDelegate.m; sourceTree = "<group>"; };
		DCC1A39113A94F1A005BD75D /* main.m */ = {isa = PBXFileReference; fileEncoding = 4; lastKnownFileType = sourcecode.c.objc; path = main.m; sourceTree = "<group>"; };
		DCC1A39213A94F1A005BD75D /* Prefix-iOS.pch */ = {isa = PBXFileReference; fileEncoding = 4; lastKnownFileType = sourcecode.c.h; path = "Prefix-iOS.pch"; sourceTree = "<group>"; };
		DCC1A39313A94F1A005BD75D /* Prefix-Mac.pch */ = {isa = PBXFileReference; fileEncoding = 4; lastKnownFileType = sourcecode.c.h; path = "Prefix-Mac.pch"; sourceTree = "<group>"; };
		DCC1A39513A94F1A005BD75D /* config.lua */ = {isa = PBXFileReference; explicitFileType = sourcecode.applescript; fileEncoding = 4; path = config.lua; sourceTree = "<group>"; };
		DCFA90EF13B4F6F7009DD35A /* BuildSettings-Debug-iOS.xcconfig */ = {isa = PBXFileReference; lastKnownFileType = text.xcconfig; path = "BuildSettings-Debug-iOS.xcconfig"; sourceTree = "<group>"; };
		DCFA90F013B4F811009DD35A /* BuildSettings-Release-iOS.xcconfig */ = {isa = PBXFileReference; lastKnownFileType = text.xcconfig; path = "BuildSettings-Release-iOS.xcconfig"; sourceTree = "<group>"; };
/* End PBXFileReference section */

/* Begin PBXFrameworksBuildPhase section */
		DCC1A0E013A94ED5005BD75D /* Frameworks */ = {
			isa = PBXFrameworksBuildPhase;
			buildActionMask = 2147483647;
			files = (
				DC65615C13A969B600A7AC53 /* libbox2d-ios.a in Frameworks */,
				DC65615D13A969B600A7AC53 /* libchipmunk-ios.a in Frameworks */,
				DC65615E13A969B600A7AC53 /* libchipmunk-spacemanager-ios.a in Frameworks */,
				DC65616013A969B600A7AC53 /* libcocos2d-extensions-ios.a in Frameworks */,
				DC65616113A969B600A7AC53 /* libcocos2d-ios.a in Frameworks */,
				DC65616213A969B600A7AC53 /* libcocos3d-ios.a in Frameworks */,
				DC65616313A969B600A7AC53 /* libcocosdenshion-ios.a in Frameworks */,
				DC65616413A969B600A7AC53 /* libkobold2d-ios.a in Frameworks */,
				DC65616513A969B600A7AC53 /* libobjectal-ios.a in Frameworks */,
				DC65616613A969B600A7AC53 /* libsneakyinput-ios.a in Frameworks */,
			);
			runOnlyForDeploymentPostprocessing = 0;
		};
/* End PBXFrameworksBuildPhase section */

/* Begin PBXGroup section */
		DC193EBE13B6969B00500B56 /* David Gervais Tilesets */ = {
			isa = PBXGroup;
			children = (
				DC193EBF13B6969B00500B56 /* Author&License.txt */,
				DC193EC013B6969B00500B56 /* dg_grounds32.png */,
			);
			path = "David Gervais Tilesets";
			sourceTree = "<group>";
		};
		DCC1A0D613A94EC0005BD75D = {
			isa = PBXGroup;
			children = (
				DCC1A38C13A94F1A005BD75D /* Projectfiles */,
				DCC1A0F713A94ED5005BD75D /* Projectfiles-iOS */,
				DCC1A26413A94EE6005BD75D /* Projectfiles-Mac */,
				DCFA90ED13B4F6A0009DD35A /* BuildSettings */,
				DCC1A0E613A94ED5005BD75D /* Frameworks */,
				DCC1A0E413A94ED5005BD75D /* Products */,
			);
			sourceTree = "<group>";
		};
		DCC1A0E413A94ED5005BD75D /* Products */ = {
			isa = PBXGroup;
			children = (
				DCC1A0E313A94ED5005BD75D /* HoopyBall-iOS.app */,
			);
			name = Products;
			sourceTree = "<group>";
		};
		DCC1A0E613A94ED5005BD75D /* Frameworks */ = {
			isa = PBXGroup;
			children = (
			);
			name = Frameworks;
			sourceTree = "<group>";
		};
		DCC1A0F713A94ED5005BD75D /* Projectfiles-iOS */ = {
			isa = PBXGroup;
			children = (
				DCC1A0F813A94ED5005BD75D /* Resources */,
			);
			path = "Projectfiles-iOS";
			sourceTree = "<group>";
		};
		DCC1A0F813A94ED5005BD75D /* Resources */ = {
			isa = PBXGroup;
			children = (
				C296045C16F0D5F600F7D951 /* black-ball-hd.png */,
				C296045D16F0D5F600F7D951 /* black-ball.png */,
				C296045E16F0D5F600F7D951 /* block.png */,
				C296045F16F0D5F600F7D951 /* border1_shapes.plist */,
				DC2721B0160CB01100D88944 /* Default-568h@2x.png */,
				DCC1A0F913A94ED5005BD75D /* Default.png */,
				C296046416F0D60300F7D951 /* fader-hd.tmx */,
				C296046516F0D60300F7D951 /* fader.png */,
				C296046616F0D60300F7D951 /* fader.tmx */,
				DCC1A0FB13A94ED5005BD75D /* fps_images.png */,
				DC26D6BD14B9E4D500B6002E /* fps_images-hd.png */,
				DC65617C15114BC500E59F8A /* fps_images-ipadhd.png */,
				C296046A16F0D61A00F7D951 /* hb_guy.png */,
				C296046B16F0D61A00F7D951 /* hoopy-ball-shapes.plist */,
				DCC1A0FD13A94ED5005BD75D /* Icon-72.png */,
				DCC1A0FF13A94ED5005BD75D /* Icon-Small-50.png */,
				DCC1A10113A94ED5005BD75D /* Icon-Small.png */,
				DCC1A10313A94ED5005BD75D /* Icon-Small@2x.png */,
				DCC1A10513A94ED5005BD75D /* Icon.png */,
				DCC1A10713A94ED5005BD75D /* Icon@2x.png */,
				DCC1A10913A94ED5005BD75D /* Info.plist */,
				DCC1A10A13A94ED5005BD75D /* iTunesArtwork */,
				C296046E16F0D63D00F7D951 /* l2_base_brick-hd.png */,
				C296046F16F0D63D00F7D951 /* l2_base_brick.png */,
				C296047016F0D63D00F7D951 /* l2_obs_1_base_small-hd.png */,
				C296047116F0D63D00F7D951 /* l2_obs_1_base_small.png */,
				C296047216F0D63D00F7D951 /* l2_obs_1_base-hd.png */,
				C296047316F0D63D00F7D951 /* l2_obs_1_base.png */,
				C296047416F0D63D00F7D951 /* l2_obs_shapes.plist */,
				C296047516F0D63D00F7D951 /* l3_bg-hd.png */,
				C296047616F0D63D00F7D951 /* l3_bg-hd.tmx */,
				C296047716F0D63D00F7D951 /* l3_bg.png */,
				C296047816F0D63D00F7D951 /* l3_bg.tmx */,
				C296047916F0D63D00F7D951 /* l3_obs_shapes.plist */,
				C296047A16F0D63D00F7D951 /* l3_obs1_sm-hd.png */,
				C296047B16F0D63D00F7D951 /* l3_obs1_sm.png */,
				C296047C16F0D63D00F7D951 /* l3_obs1-hd.png */,
				C296047D16F0D63D00F7D951 /* l3_obs1.png */,
				C296047E16F0D63D00F7D951 /* l3_obs2_sm-hd.png */,
				C296047F16F0D63D00F7D951 /* l3_obs2_sm.png */,
				C296048016F0D63D00F7D951 /* l3_obs2-hd.png */,
				C296048116F0D63D00F7D951 /* l3_obs2.png */,
				C296048216F0D63D00F7D951 /* level1_bg-hd.tmx */,
				C296048316F0D63D00F7D951 /* Level1_bg.png */,
				C296048416F0D63D00F7D951 /* level1_bg.tmx */,
				C296048516F0D63D00F7D951 /* level1_obs-hd.png */,
				C296048616F0D63D00F7D951 /* level1_obs-hd.tmx */,
				C296048716F0D63D00F7D951 /* level1_obs.png */,
				C296048816F0D63D00F7D951 /* level1_obs.tmx */,
				C296048916F0D63D00F7D951 /* level2_bg.png */,
				C296048A16F0D63D00F7D951 /* level2_bg.psd */,
				C296048B16F0D63D00F7D951 /* level3_base_brick-hd.png */,
				C296048C16F0D63D00F7D951 /* level3_base_brick.png */,
				C296048D16F0D63D00F7D951 /* level6_bg-hd.tmx */,
				C296048E16F0D63D00F7D951 /* level6_bg.tmx */,
				C296048F16F0D63D00F7D951 /* level7_bg-hd.tmx */,
				C296049016F0D63D00F7D951 /* level7_bg.tmx */,
				C296049116F0D63D00F7D951 /* level8_bg-hd.tmx */,
				C296049216F0D63D00F7D951 /* level8_bg.tmx */,
				C296049316F0D63D00F7D951 /* level9_bg-hd.tmx */,
				C296049416F0D63D00F7D951 /* level9_bg.tmx */,
				C296049516F0D63D00F7D951 /* level11_bg-hd.tmx */,
				C296049616F0D63D00F7D951 /* level11_bg.tmx */,
				C296049716F0D63D00F7D951 /* level12_bg-hd.tmx */,
				C296049816F0D63D00F7D951 /* level12_bg.tmx */,
				C296049916F0D63D00F7D951 /* level13_bg-hd.tmx */,
				C296049A16F0D63D00F7D951 /* level13_bg.tmx */,
				C296049B16F0D63D00F7D951 /* pause-hd.png */,
				C296049C16F0D63D00F7D951 /* pause.png */,
				C296049D16F0D63D00F7D951 /* red_ball-hd.png */,
				C296049E16F0D63D00F7D951 /* red_ball.png */,
				C296049F16F0D63D00F7D951 /* score-hd.fnt */,
				C29604A016F0D63D00F7D951 /* score-hd.png */,
				C29604A116F0D63D00F7D951 /* score.fnt */,
				C29604A216F0D63D00F7D951 /* score.png */,
				C29604A316F0D63D00F7D951 /* smiley-hd.png */,
				C29604A416F0D63D00F7D951 /* smiley.png */,
				C29604A516F0D63D00F7D951 /* star-hd.png */,
				C29604A616F0D63D00F7D951 /* star.plist */,
				C29604A716F0D63D00F7D951 /* star.png */,
				C29604A816F0D63D00F7D951 /* wall-hd.png */,
				C29604A916F0D63D00F7D951 /* wall.png */,
			);
			path = Resources;
			sourceTree = "<group>";
		};
		DCC1A26413A94EE6005BD75D /* Projectfiles-Mac */ = {
			isa = PBXGroup;
			children = (
				DCC1A26513A94EE6005BD75D /* Resources */,
			);
			path = "Projectfiles-Mac";
			sourceTree = "<group>";
		};
		DCC1A26513A94EE6005BD75D /* Resources */ = {
			isa = PBXGroup;
			children = (
				DCC1A26D13A94EE6005BD75D /* fps_images.png */,
				DCC1A26F13A94EE6005BD75D /* icon.icns */,
				DCC1A27113A94EE6005BD75D /* Info.plist */,
				DCC1A26613A94EE6005BD75D /* English.lproj */,
			);
			name = Resources;
			sourceTree = "<group>";
		};
		DCC1A26613A94EE6005BD75D /* English.lproj */ = {
			isa = PBXGroup;
			children = (
				DCC1A26713A94EE6005BD75D /* InfoPlist.strings */,
				DCC1A26A13A94EE6005BD75D /* MainMenu.xib */,
			);
			name = English.lproj;
			sourceTree = "<group>";
		};
		DCC1A38C13A94F1A005BD75D /* Projectfiles */ = {
			isa = PBXGroup;
			children = (
				DC2A3EC2149A30B400EF78B0 /* Box2DDebugLayer.h */,
				DC2A3EC3149A30B400EF78B0 /* Box2DDebugLayer.mm */,
				DC193EB213B6872600500B56 /* GLES-Render.h */,
				DC193EB313B6872600500B56 /* GLES-Render.mm */,
				DCC1A38D13A94F1A005BD75D /* AppDelegate.h */,
				DCC1A38E13A94F1A005BD75D /* AppDelegate.m */,
				C29604E616F0D6F500F7D951 /* BallUserData.mm */,
				C29604E716F0D6F500F7D951 /* CoinUserData.mm */,
				C29604E816F0D6F500F7D951 /* ControlLayer.mm */,
				C29604E916F0D6F500F7D951 /* DeletableBody.h */,
				C29604EA16F0D6F500F7D951 /* DeletableBody.mm */,
				C29604EB16F0D6F500F7D951 /* EnemyUserData.mm */,
				C29604EC16F0D6F500F7D951 /* GameLayer.mm */,
				C29604ED16F0D6F500F7D951 /* GameManager.mm */,
				C29604EE16F0D6F500F7D951 /* GamePlayRootNode.mm */,
				C29604EF16F0D6F500F7D951 /* GB2ShapeCache.h */,
				C29604F016F0D6F500F7D951 /* GB2ShapeCache.mm */,
				C296054616F0E3CC00F7D951 /* HBContactListener.h */,
				C296054716F0E3CC00F7D951 /* HBContactListener.mm */,
				C29604F116F0D6F500F7D951 /* HBLevel.h */,
				C29604F216F0D6F500F7D951 /* HBLevel.mm */,
				C29604F316F0D6F500F7D951 /* HBUserData.h */,
				C29604F416F0D6F500F7D951 /* HBUserData.mm */,
				C29604F516F0D6F500F7D951 /* HoopyBall.h */,
				C296050116F0D72800F7D951 /* Level01Scene.mm */,
				C296050216F0D72800F7D951 /* Level02Scene.mm */,
				C296050316F0D72800F7D951 /* Level03Scene.mm */,
				C296050416F0D72800F7D951 /* Level04Scene.mm */,
				C296050516F0D72800F7D951 /* Level05Scene.mm */,
				C296050616F0D72800F7D951 /* Level06Scene.mm */,
				C296050716F0D72800F7D951 /* Level07Scene.mm */,
				C296050816F0D72800F7D951 /* Level08Scene.mm */,
				C296050916F0D72800F7D951 /* Level09Scene.mm */,
				C296050A16F0D72800F7D951 /* Level10Scene.mm */,
				C296050B16F0D72800F7D951 /* Level11Scene.mm */,
				C296050C16F0D72800F7D951 /* Level12Scene.mm */,
				C296050D16F0D72900F7D951 /* Level13Scene.mm */,
				C296050E16F0D72900F7D951 /* Level14Scene.mm */,
				C296050F16F0D72900F7D951 /* Level15Scene.mm */,
				C296051016F0D72900F7D951 /* LevelSet1.mm */,
				C296051116F0D72900F7D951 /* LevelSet2.mm */,
				C296051216F0D72900F7D951 /* LevelSet3.mm */,
				C296052516F0D7AC00F7D951 /* LoseLevelLayer.h */,
				C296052616F0D7AC00F7D951 /* LoseLevelLayer.mm */,
				C296052716F0D7AC00F7D951 /* PauseLayer.h */,
				C296052816F0D7AC00F7D951 /* PauseLayer.mm */,
				C296052916F0D7AC00F7D951 /* PDKeychainBindings.h */,
				C296052A16F0D7AC00F7D951 /* PDKeychainBindings.m */,
				C296052B16F0D7AC00F7D951 /* PDKeychainBindingsController.h */,
				C296052C16F0D7AC00F7D951 /* PDKeychainBindingsController.m */,
				C296052D16F0D7AC00F7D951 /* PhysicsSprite.h */,
				C296052E16F0D7AC00F7D951 /* PhysicsSprite.mm */,
				C296053416F0D7C000F7D951 /* ScoreLayer.h */,
				C296053516F0D7C000F7D951 /* ScoreLayer.mm */,
				C296053616F0D7C000F7D951 /* ScreenSize.h */,
				C296053716F0D7C000F7D951 /* ScreenSize.mm */,
				C296053A16F0D7E300F7D951 /* StartLevelLayer.h */,
				C296053B16F0D7E300F7D951 /* StartLevelLayer.mm */,
				C296053C16F0D7E300F7D951 /* StartScene.mm */,
				C296053D16F0D7E300F7D951 /* StarUserData.mm */,
				C296053E16F0D7E300F7D951 /* WallUserData.mm */,
				C296053F16F0D7E300F7D951 /* WinLevelLayer.h */,
				C296054016F0D7E300F7D951 /* WinLevelLayer.mm */,
				DCC1A39413A94F1A005BD75D /* Resources */,
				DCC1A3CF13A94F2C005BD75D /* Supporting Files */,
			);
			path = Projectfiles;
			sourceTree = "<group>";
		};
		DCC1A39413A94F1A005BD75D /* Resources */ = {
			isa = PBXGroup;
			children = (
				DC193EBE13B6969B00500B56 /* David Gervais Tilesets */,
				DCC1A39513A94F1A005BD75D /* config.lua */,
			);
			path = Resources;
			sourceTree = "<group>";
		};
		DCC1A3CF13A94F2C005BD75D /* Supporting Files */ = {
			isa = PBXGroup;
			children = (
				DCC1A39113A94F1A005BD75D /* main.m */,
				DCC1A39213A94F1A005BD75D /* Prefix-iOS.pch */,
				DCC1A39313A94F1A005BD75D /* Prefix-Mac.pch */,
			);
			name = "Supporting Files";
			sourceTree = "<group>";
		};
		DCFA90ED13B4F6A0009DD35A /* BuildSettings */ = {
			isa = PBXGroup;
			children = (
				DCFA90EF13B4F6F7009DD35A /* BuildSettings-Debug-iOS.xcconfig */,
				DCFA90F013B4F811009DD35A /* BuildSettings-Release-iOS.xcconfig */,
				DC3BE97813B4FB71003739CC /* BuildSettings-iOS.xcconfig */,
				DC9C33E713B5024400931BF2 /* BuildSettings-Debug-Mac.xcconfig */,
				DC9C33E913B5024400931BF2 /* BuildSettings-Release-Mac.xcconfig */,
				DC9C33E813B5024400931BF2 /* BuildSettings-Mac.xcconfig */,
			);
			path = BuildSettings;
			sourceTree = "<group>";
		};
/* End PBXGroup section */

/* Begin PBXNativeTarget section */
		DCC1A0E213A94ED5005BD75D /* HoopyBall-iOS */ = {
			isa = PBXNativeTarget;
			buildConfigurationList = DCC1A25313A94ED7005BD75D /* Build configuration list for PBXNativeTarget "HoopyBall-iOS" */;
			buildPhases = (
				DCC1A0DF13A94ED5005BD75D /* Sources */,
				DCC1A0E013A94ED5005BD75D /* Frameworks */,
				DCC1A0E113A94ED5005BD75D /* Resources */,
			);
			buildRules = (
			);
			dependencies = (
			);
			name = "HoopyBall-iOS";
			productName = "Hello-World-iOS";
			productReference = DCC1A0E313A94ED5005BD75D /* HoopyBall-iOS.app */;
			productType = "com.apple.product-type.application";
		};
/* End PBXNativeTarget section */

/* Begin PBXProject section */
		DCC1A0D813A94EC0005BD75D /* Project object */ = {
			isa = PBXProject;
			attributes = {
				LastUpgradeCheck = 0460;
			};
			buildConfigurationList = DCC1A0DB13A94EC0005BD75D /* Build configuration list for PBXProject "HoopyBall" */;
			compatibilityVersion = "Xcode 3.2";
			developmentRegion = English;
			hasScannedForEncodings = 0;
			knownRegions = (
				en,
				English,
			);
			mainGroup = DCC1A0D613A94EC0005BD75D;
			productRefGroup = DCC1A0E413A94ED5005BD75D /* Products */;
			projectDirPath = "";
			projectRoot = "";
			targets = (
				DCC1A0E213A94ED5005BD75D /* HoopyBall-iOS */,
			);
		};
/* End PBXProject section */

/* Begin PBXResourcesBuildPhase section */
		DCC1A0E113A94ED5005BD75D /* Resources */ = {
			isa = PBXResourcesBuildPhase;
			buildActionMask = 2147483647;
			files = (
				DCC1A0FA13A94ED5005BD75D /* Default.png in Resources */,
				DCC1A0FC13A94ED5005BD75D /* fps_images.png in Resources */,
				DCC1A0FE13A94ED5005BD75D /* Icon-72.png in Resources */,
				DCC1A10013A94ED5005BD75D /* Icon-Small-50.png in Resources */,
				DCC1A10213A94ED5005BD75D /* Icon-Small.png in Resources */,
				DCC1A10413A94ED5005BD75D /* Icon-Small@2x.png in Resources */,
				DCC1A10613A94ED5005BD75D /* Icon.png in Resources */,
				DCC1A10813A94ED5005BD75D /* Icon@2x.png in Resources */,
				DCC1A10B13A94ED5005BD75D /* iTunesArtwork in Resources */,
				DCC1A3AF13A94F1A005BD75D /* config.lua in Resources */,
				DC193EC113B6969B00500B56 /* Author&License.txt in Resources */,
				DC193EC313B6969B00500B56 /* dg_grounds32.png in Resources */,
				DC26D6BE14B9E4D500B6002E /* fps_images-hd.png in Resources */,
				DC65617D15114BC500E59F8A /* fps_images-ipadhd.png in Resources */,
				DC2721B1160CB01100D88944 /* Default-568h@2x.png in Resources */,
				C296046016F0D5F600F7D951 /* black-ball-hd.png in Resources */,
				C296046116F0D5F600F7D951 /* black-ball.png in Resources */,
				C296046216F0D5F600F7D951 /* block.png in Resources */,
				C296046316F0D5F600F7D951 /* border1_shapes.plist in Resources */,
				C296046716F0D60300F7D951 /* fader-hd.tmx in Resources */,
				C296046816F0D60300F7D951 /* fader.png in Resources */,
				C296046916F0D60300F7D951 /* fader.tmx in Resources */,
				C296046C16F0D61A00F7D951 /* hb_guy.png in Resources */,
				C296046D16F0D61A00F7D951 /* hoopy-ball-shapes.plist in Resources */,
				C29604AA16F0D63D00F7D951 /* l2_base_brick-hd.png in Resources */,
				C29604AB16F0D63D00F7D951 /* l2_base_brick.png in Resources */,
				C29604AC16F0D63D00F7D951 /* l2_obs_1_base_small-hd.png in Resources */,
				C29604AD16F0D63D00F7D951 /* l2_obs_1_base_small.png in Resources */,
				C29604AE16F0D63D00F7D951 /* l2_obs_1_base-hd.png in Resources */,
				C29604AF16F0D63D00F7D951 /* l2_obs_1_base.png in Resources */,
				C29604B016F0D63D00F7D951 /* l2_obs_shapes.plist in Resources */,
				C29604B116F0D63D00F7D951 /* l3_bg-hd.png in Resources */,
				C29604B216F0D63D00F7D951 /* l3_bg-hd.tmx in Resources */,
				C29604B316F0D63D00F7D951 /* l3_bg.png in Resources */,
				C29604B416F0D63D00F7D951 /* l3_bg.tmx in Resources */,
				C29604B516F0D63D00F7D951 /* l3_obs_shapes.plist in Resources */,
				C29604B616F0D63D00F7D951 /* l3_obs1_sm-hd.png in Resources */,
				C29604B716F0D63D00F7D951 /* l3_obs1_sm.png in Resources */,
				C29604B816F0D63D00F7D951 /* l3_obs1-hd.png in Resources */,
				C29604B916F0D63D00F7D951 /* l3_obs1.png in Resources */,
				C29604BA16F0D63D00F7D951 /* l3_obs2_sm-hd.png in Resources */,
				C29604BB16F0D63D00F7D951 /* l3_obs2_sm.png in Resources */,
				C29604BC16F0D63D00F7D951 /* l3_obs2-hd.png in Resources */,
				C29604BD16F0D63D00F7D951 /* l3_obs2.png in Resources */,
				C29604BE16F0D63D00F7D951 /* level1_bg-hd.tmx in Resources */,
				C29604BF16F0D63D00F7D951 /* Level1_bg.png in Resources */,
				C29604C016F0D63D00F7D951 /* level1_bg.tmx in Resources */,
				C29604C116F0D63D00F7D951 /* level1_obs-hd.png in Resources */,
				C29604C216F0D63D00F7D951 /* level1_obs-hd.tmx in Resources */,
				C29604C316F0D63D00F7D951 /* level1_obs.png in Resources */,
				C29604C416F0D63D00F7D951 /* level1_obs.tmx in Resources */,
				C29604C516F0D63D00F7D951 /* level2_bg.png in Resources */,
				C29604C616F0D63D00F7D951 /* level2_bg.psd in Resources */,
				C29604C716F0D63D00F7D951 /* level3_base_brick-hd.png in Resources */,
				C29604C816F0D63D00F7D951 /* level3_base_brick.png in Resources */,
				C29604C916F0D63D00F7D951 /* level6_bg-hd.tmx in Resources */,
				C29604CA16F0D63D00F7D951 /* level6_bg.tmx in Resources */,
				C29604CB16F0D63D00F7D951 /* level7_bg-hd.tmx in Resources */,
				C29604CC16F0D63D00F7D951 /* level7_bg.tmx in Resources */,
				C29604CD16F0D63D00F7D951 /* level8_bg-hd.tmx in Resources */,
				C29604CE16F0D63D00F7D951 /* level8_bg.tmx in Resources */,
				C29604CF16F0D63D00F7D951 /* level9_bg-hd.tmx in Resources */,
				C29604D016F0D63D00F7D951 /* level9_bg.tmx in Resources */,
				C29604D116F0D63D00F7D951 /* level11_bg-hd.tmx in Resources */,
				C29604D216F0D63D00F7D951 /* level11_bg.tmx in Resources */,
				C29604D316F0D63D00F7D951 /* level12_bg-hd.tmx in Resources */,
				C29604D416F0D63D00F7D951 /* level12_bg.tmx in Resources */,
				C29604D516F0D63D00F7D951 /* level13_bg-hd.tmx in Resources */,
				C29604D616F0D63D00F7D951 /* level13_bg.tmx in Resources */,
				C29604D716F0D63D00F7D951 /* pause-hd.png in Resources */,
				C29604D816F0D63D00F7D951 /* pause.png in Resources */,
				C29604D916F0D63D00F7D951 /* red_ball-hd.png in Resources */,
				C29604DA16F0D63D00F7D951 /* red_ball.png in Resources */,
				C29604DB16F0D63D00F7D951 /* score-hd.fnt in Resources */,
				C29604DC16F0D63D00F7D951 /* score-hd.png in Resources */,
				C29604DD16F0D63D00F7D951 /* score.fnt in Resources */,
				C29604DE16F0D63D00F7D951 /* score.png in Resources */,
				C29604DF16F0D63D00F7D951 /* smiley-hd.png in Resources */,
				C29604E016F0D63D00F7D951 /* smiley.png in Resources */,
				C29604E116F0D63D00F7D951 /* star-hd.png in Resources */,
				C29604E216F0D63D00F7D951 /* star.plist in Resources */,
				C29604E316F0D63D00F7D951 /* star.png in Resources */,
				C29604E416F0D63D00F7D951 /* wall-hd.png in Resources */,
				C29604E516F0D63D00F7D951 /* wall.png in Resources */,
			);
			runOnlyForDeploymentPostprocessing = 0;
		};
/* End PBXResourcesBuildPhase section */

/* Begin PBXSourcesBuildPhase section */
		DCC1A0DF13A94ED5005BD75D /* Sources */ = {
			isa = PBXSourcesBuildPhase;
			buildActionMask = 2147483647;
			files = (
				DCC1A3A913A94F1A005BD75D /* AppDelegate.m in Sources */,
				DCC1A3AD13A94F1A005BD75D /* main.m in Sources */,
				DC193EB813B692D100500B56 /* GLES-Render.mm in Sources */,
				DC2A3EC4149A30B400EF78B0 /* Box2DDebugLayer.mm in Sources */,
				C29604F616F0D6F500F7D951 /* BallUserData.mm in Sources */,
				C29604F716F0D6F500F7D951 /* CoinUserData.mm in Sources */,
				C29604F816F0D6F500F7D951 /* ControlLayer.mm in Sources */,
				C29604F916F0D6F500F7D951 /* DeletableBody.mm in Sources */,
				C29604FA16F0D6F500F7D951 /* EnemyUserData.mm in Sources */,
				C29604FB16F0D6F500F7D951 /* GameLayer.mm in Sources */,
				C29604FC16F0D6F500F7D951 /* GameManager.mm in Sources */,
				C29604FD16F0D6F500F7D951 /* GamePlayRootNode.mm in Sources */,
				C29604FE16F0D6F500F7D951 /* GB2ShapeCache.mm in Sources */,
				C29604FF16F0D6F500F7D951 /* HBLevel.mm in Sources */,
				C296050016F0D6F500F7D951 /* HBUserData.mm in Sources */,
				C296051316F0D72900F7D951 /* Level01Scene.mm in Sources */,
				C296051416F0D72900F7D951 /* Level02Scene.mm in Sources */,
				C296051516F0D72900F7D951 /* Level03Scene.mm in Sources */,
				C296051616F0D72900F7D951 /* Level04Scene.mm in Sources */,
				C296051716F0D72900F7D951 /* Level05Scene.mm in Sources */,
				C296051816F0D72900F7D951 /* Level06Scene.mm in Sources */,
				C296051916F0D72900F7D951 /* Level07Scene.mm in Sources */,
				C296051A16F0D72900F7D951 /* Level08Scene.mm in Sources */,
				C296051B16F0D72900F7D951 /* Level09Scene.mm in Sources */,
				C296051C16F0D72900F7D951 /* Level10Scene.mm in Sources */,
				C296051D16F0D72900F7D951 /* Level11Scene.mm in Sources */,
				C296051E16F0D72900F7D951 /* Level12Scene.mm in Sources */,
				C296051F16F0D72900F7D951 /* Level13Scene.mm in Sources */,
				C296052016F0D72900F7D951 /* Level14Scene.mm in Sources */,
				C296052116F0D72900F7D951 /* Level15Scene.mm in Sources */,
				C296052216F0D72900F7D951 /* LevelSet1.mm in Sources */,
				C296052316F0D72900F7D951 /* LevelSet2.mm in Sources */,
				C296052416F0D72900F7D951 /* LevelSet3.mm in Sources */,
				C296052F16F0D7AC00F7D951 /* LoseLevelLayer.mm in Sources */,
				C296053016F0D7AC00F7D951 /* PauseLayer.mm in Sources */,
				C296053116F0D7AC00F7D951 /* PDKeychainBindings.m in Sources */,
				C296053216F0D7AC00F7D951 /* PDKeychainBindingsController.m in Sources */,
				C296053316F0D7AC00F7D951 /* PhysicsSprite.mm in Sources */,
				C296053816F0D7C000F7D951 /* ScoreLayer.mm in Sources */,
				C296053916F0D7C000F7D951 /* ScreenSize.mm in Sources */,
				C296054116F0D7E300F7D951 /* StartLevelLayer.mm in Sources */,
				C296054216F0D7E300F7D951 /* StartScene.mm in Sources */,
				C296054316F0D7E300F7D951 /* StarUserData.mm in Sources */,
				C296054416F0D7E300F7D951 /* WallUserData.mm in Sources */,
				C296054516F0D7E300F7D951 /* WinLevelLayer.mm in Sources */,
				C296054816F0E3CC00F7D951 /* HBContactListener.mm in Sources */,
			);
			runOnlyForDeploymentPostprocessing = 0;
		};
/* End PBXSourcesBuildPhase section */

/* Begin PBXVariantGroup section */
		DCC1A26713A94EE6005BD75D /* InfoPlist.strings */ = {
			isa = PBXVariantGroup;
			children = (
				DCC1A26813A94EE6005BD75D /* English */,
			);
			name = InfoPlist.strings;
			sourceTree = "<group>";
		};
		DCC1A26A13A94EE6005BD75D /* MainMenu.xib */ = {
			isa = PBXVariantGroup;
			children = (
				DCC1A26B13A94EE6005BD75D /* English */,
			);
			name = MainMenu.xib;
			sourceTree = "<group>";
		};
/* End PBXVariantGroup section */

/* Begin XCBuildConfiguration section */
		DCC1A0DD13A94EC0005BD75D /* Debug */ = {
			isa = XCBuildConfiguration;
			buildSettings = {
			};
			name = Debug;
		};
		DCC1A0DE13A94EC0005BD75D /* Release */ = {
			isa = XCBuildConfiguration;
			buildSettings = {
			};
			name = Release;
		};
		DCC1A25413A94ED7005BD75D /* Debug */ = {
			isa = XCBuildConfiguration;
			baseConfigurationReference = DCFA90EF13B4F6F7009DD35A /* BuildSettings-Debug-iOS.xcconfig */;
			buildSettings = {
			};
			name = Debug;
		};
		DCC1A25513A94ED7005BD75D /* Release */ = {
			isa = XCBuildConfiguration;
			baseConfigurationReference = DCFA90F013B4F811009DD35A /* BuildSettings-Release-iOS.xcconfig */;
			buildSettings = {
			};
			name = Release;
		};
/* End XCBuildConfiguration section */

/* Begin XCConfigurationList section */
		DCC1A0DB13A94EC0005BD75D /* Build configuration list for PBXProject "HoopyBall" */ = {
			isa = XCConfigurationList;
			buildConfigurations = (
				DCC1A0DD13A94EC0005BD75D /* Debug */,
				DCC1A0DE13A94EC0005BD75D /* Release */,
			);
			defaultConfigurationIsVisible = 0;
			defaultConfigurationName = Release;
		};
		DCC1A25313A94ED7005BD75D /* Build configuration list for PBXNativeTarget "HoopyBall-iOS" */ = {
			isa = XCConfigurationList;
			buildConfigurations = (
				DCC1A25413A94ED7005BD75D /* Debug */,
				DCC1A25513A94ED7005BD75D /* Release */,
			);
			defaultConfigurationIsVisible = 0;
			defaultConfigurationName = Release;
		};
/* End XCConfigurationList section */
	};
	rootObject = DCC1A0D813A94EC0005BD75D /* Project object */;
}
